// !$*UTF8*$!
{
	archiveVersion = 1;
	classes = {
	};
	objectVersion = 46;
	objects = {

/* Begin PBXBuildFile section */
		84443E622118E64E0060889E /* MainWindow.storyboard in Resources */ = {isa = PBXBuildFile; fileRef = 84443E532118E64E0060889E /* MainWindow.storyboard */; };
		84443E632118E64E0060889E /* MainWindowController.swift in Sources */ = {isa = PBXBuildFile; fileRef = 84443E542118E64E0060889E /* MainWindowController.swift */; };
		844CB76A1EB66FE200ED569C /* WPView.xib in Resources */ = {isa = PBXBuildFile; fileRef = 844CB7691EB66FE200ED569C /* WPView.xib */; };
		844CB76C1EB6714700ED569C /* DBView.xib in Resources */ = {isa = PBXBuildFile; fileRef = 844CB76B1EB6714700ED569C /* DBView.xib */; };
		844CB76E1EB6726900ED569C /* QuickScriptWindowController.swift in Sources */ = {isa = PBXBuildFile; fileRef = 844CB76D1EB6726900ED569C /* QuickScriptWindowController.swift */; };
		844CB7711EB6728800ED569C /* QuickScriptWindow.xib in Resources */ = {isa = PBXBuildFile; fileRef = 844CB7701EB6728800ED569C /* QuickScriptWindow.xib */; };
		844CB7731EB6747D00ED569C /* ErrorWindow.xib in Resources */ = {isa = PBXBuildFile; fileRef = 844CB7721EB6747D00ED569C /* ErrorWindow.xib */; };
		844CB7761EB674A700ED569C /* ErrorWindowController.swift in Sources */ = {isa = PBXBuildFile; fileRef = 844CB7751EB674A700ED569C /* ErrorWindowController.swift */; };
		8461885B1E9D707A00A56F84 /* AppDelegate.swift in Sources */ = {isa = PBXBuildFile; fileRef = 8461885A1E9D707A00A56F84 /* AppDelegate.swift */; };
		8461885F1E9D707A00A56F84 /* Assets.xcassets in Resources */ = {isa = PBXBuildFile; fileRef = 8461885E1E9D707A00A56F84 /* Assets.xcassets */; };
		846188621E9D707A00A56F84 /* Main.storyboard in Resources */ = {isa = PBXBuildFile; fileRef = 846188601E9D707A00A56F84 /* Main.storyboard */; };
		8461886D1E9D707A00A56F84 /* FrontierTests.swift in Sources */ = {isa = PBXBuildFile; fileRef = 8461886C1E9D707A00A56F84 /* FrontierTests.swift */; };
		847943EA2118E61900AEFBF9 /* StatusWindowViewController.swift in Sources */ = {isa = PBXBuildFile; fileRef = 847943E72118E61900AEFBF9 /* StatusWindowViewController.swift */; };
		847943EB2118E61900AEFBF9 /* StatusWindowController.swift in Sources */ = {isa = PBXBuildFile; fileRef = 847943E82118E61900AEFBF9 /* StatusWindowController.swift */; };
		847943EC2118E61900AEFBF9 /* StatusWindow.swift in Sources */ = {isa = PBXBuildFile; fileRef = 847943E92118E61900AEFBF9 /* StatusWindow.swift */; };
		8481D3491EA9A343008DBA8A /* FrontierData.framework in Frameworks */ = {isa = PBXBuildFile; fileRef = 84553AC21EA9A320002FC299 /* FrontierData.framework */; };
		8481D34A1EA9A343008DBA8A /* FrontierData.framework in Embed Frameworks */ = {isa = PBXBuildFile; fileRef = 84553AC21EA9A320002FC299 /* FrontierData.framework */; settings = {ATTRIBUTES = (CodeSignOnCopy, RemoveHeadersOnCopy, ); }; };
		849023CE1E9EC24C002D1BA7 /* FrontierCore.framework in Frameworks */ = {isa = PBXBuildFile; fileRef = 84ECA7B01E9DC21000CB76EC /* FrontierCore.framework */; };
		849023CF1E9EC24C002D1BA7 /* FrontierCore.framework in Embed Frameworks */ = {isa = PBXBuildFile; fileRef = 84ECA7B01E9DC21000CB76EC /* FrontierCore.framework */; settings = {ATTRIBUTES = (CodeSignOnCopy, RemoveHeadersOnCopy, ); }; };
		849023D31E9EC258002D1BA7 /* FrontierVerbs.framework in Frameworks */ = {isa = PBXBuildFile; fileRef = 84ECA7E61E9EC20A00CB76EC /* FrontierVerbs.framework */; };
		849023D41E9EC258002D1BA7 /* FrontierVerbs.framework in Embed Frameworks */ = {isa = PBXBuildFile; fileRef = 84ECA7E61E9EC20A00CB76EC /* FrontierVerbs.framework */; settings = {ATTRIBUTES = (CodeSignOnCopy, RemoveHeadersOnCopy, ); }; };
		84E726592064C4DD001DAA09 /* RSDatabase.framework in Frameworks */ = {isa = PBXBuildFile; fileRef = 84E7263F2064C4A1001DAA09 /* RSDatabase.framework */; };
		84E7265A2064C4DD001DAA09 /* RSDatabase.framework in Embed Frameworks */ = {isa = PBXBuildFile; fileRef = 84E7263F2064C4A1001DAA09 /* RSDatabase.framework */; settings = {ATTRIBUTES = (CodeSignOnCopy, RemoveHeadersOnCopy, ); }; };
		84E7265D2064C4E7001DAA09 /* RSCore.framework in Frameworks */ = {isa = PBXBuildFile; fileRef = 84E726322064C495001DAA09 /* RSCore.framework */; };
		84E7265E2064C4E7001DAA09 /* RSCore.framework in Embed Frameworks */ = {isa = PBXBuildFile; fileRef = 84E726322064C495001DAA09 /* RSCore.framework */; settings = {ATTRIBUTES = (CodeSignOnCopy, RemoveHeadersOnCopy, ); }; };
		84E726612064C4F3001DAA09 /* RSParser.framework in Frameworks */ = {isa = PBXBuildFile; fileRef = 84E7264A2064C4B6001DAA09 /* RSParser.framework */; };
		84E726622064C4F3001DAA09 /* RSParser.framework in Embed Frameworks */ = {isa = PBXBuildFile; fileRef = 84E7264A2064C4B6001DAA09 /* RSParser.framework */; settings = {ATTRIBUTES = (CodeSignOnCopy, RemoveHeadersOnCopy, ); }; };
		84E726652064C500001DAA09 /* RSWeb.framework in Frameworks */ = {isa = PBXBuildFile; fileRef = 84E726542064C4BE001DAA09 /* RSWeb.framework */; };
		84E726662064C500001DAA09 /* RSWeb.framework in Embed Frameworks */ = {isa = PBXBuildFile; fileRef = 84E726542064C4BE001DAA09 /* RSWeb.framework */; settings = {ATTRIBUTES = (CodeSignOnCopy, RemoveHeadersOnCopy, ); }; };
		84E9B7B52086FC8700B3FA4D /* DB5.framework in Frameworks */ = {isa = PBXBuildFile; fileRef = 84E9B7A72086FC7000B3FA4D /* DB5.framework */; };
		84E9B7B62086FC8700B3FA4D /* DB5.framework in Embed Frameworks */ = {isa = PBXBuildFile; fileRef = 84E9B7A72086FC7000B3FA4D /* DB5.framework */; settings = {ATTRIBUTES = (CodeSignOnCopy, RemoveHeadersOnCopy, ); }; };
		84EEF8451EA7FFDA0061A312 /* JumpWindowController.swift in Sources */ = {isa = PBXBuildFile; fileRef = 84EEF8441EA7FFDA0061A312 /* JumpWindowController.swift */; };
		84EEF8481EA84F8F0061A312 /* ScriptViewController.swift in Sources */ = {isa = PBXBuildFile; fileRef = 84EEF8471EA84F8F0061A312 /* ScriptViewController.swift */; };
		84EEF84B1EA84FB70061A312 /* OPViewController.swift in Sources */ = {isa = PBXBuildFile; fileRef = 84EEF84A1EA84FB70061A312 /* OPViewController.swift */; };
		84EEF84E1EA84FE20061A312 /* WPViewController.swift in Sources */ = {isa = PBXBuildFile; fileRef = 84EEF84D1EA84FE20061A312 /* WPViewController.swift */; };
		84EEF85B1EA850830061A312 /* JumpWindow.xib in Resources */ = {isa = PBXBuildFile; fileRef = 84EEF85A1EA850830061A312 /* JumpWindow.xib */; };
		84EEF85D1EA8513E0061A312 /* DBViewController.swift in Sources */ = {isa = PBXBuildFile; fileRef = 84EEF85C1EA8513E0061A312 /* DBViewController.swift */; };
		84EEF8611EA8540A0061A312 /* PreferencesWindowController.swift in Sources */ = {isa = PBXBuildFile; fileRef = 84EEF8601EA8540A0061A312 /* PreferencesWindowController.swift */; };
		84EEF8641EA855040061A312 /* Preferences.storyboard in Resources */ = {isa = PBXBuildFile; fileRef = 84EEF8621EA855040061A312 /* Preferences.storyboard */; };
		84EEF8661EA86D5C0061A312 /* DefaultsKey.swift in Sources */ = {isa = PBXBuildFile; fileRef = 84EEF8651EA86D5C0061A312 /* DefaultsKey.swift */; };
		84EEF8681EA94D0D0061A312 /* ScriptView.xib in Resources */ = {isa = PBXBuildFile; fileRef = 84EEF8671EA94D0D0061A312 /* ScriptView.xib */; };
		84EEF86A1EA94FF70061A312 /* OPView.xib in Resources */ = {isa = PBXBuildFile; fileRef = 84EEF8691EA94FF70061A312 /* OPView.xib */; };
		84F178AB211A35BF003E2833 /* SidebarViewController.swift in Sources */ = {isa = PBXBuildFile; fileRef = 84F178AA211A35BF003E2833 /* SidebarViewController.swift */; };
/* End PBXBuildFile section */

/* Begin PBXContainerItemProxy section */
		84553AC11EA9A320002FC299 /* PBXContainerItemProxy */ = {
			isa = PBXContainerItemProxy;
			containerPortal = 84553ABB1EA9A320002FC299 /* FrontierData.xcodeproj */;
			proxyType = 2;
			remoteGlobalIDString = 84553AA11EA9A30E002FC299;
			remoteInfo = FrontierData;
		};
		84553AC31EA9A320002FC299 /* PBXContainerItemProxy */ = {
			isa = PBXContainerItemProxy;
			containerPortal = 84553ABB1EA9A320002FC299 /* FrontierData.xcodeproj */;
			proxyType = 2;
			remoteGlobalIDString = 84553AAA1EA9A30E002FC299;
			remoteInfo = FrontierDataTests;
		};
		846188691E9D707A00A56F84 /* PBXContainerItemProxy */ = {
			isa = PBXContainerItemProxy;
			containerPortal = 8461884F1E9D707A00A56F84 /* Project object */;
			proxyType = 1;
			remoteGlobalIDString = 846188561E9D707A00A56F84;
			remoteInfo = Frontier;
		};
		8481D34B1EA9A343008DBA8A /* PBXContainerItemProxy */ = {
			isa = PBXContainerItemProxy;
			containerPortal = 84553ABB1EA9A320002FC299 /* FrontierData.xcodeproj */;
			proxyType = 1;
			remoteGlobalIDString = 84553AA01EA9A30E002FC299;
			remoteInfo = FrontierData;
		};
		849023D01E9EC24C002D1BA7 /* PBXContainerItemProxy */ = {
			isa = PBXContainerItemProxy;
			containerPortal = 84ECA7AA1E9DC21000CB76EC /* FrontierCore.xcodeproj */;
			proxyType = 1;
			remoteGlobalIDString = 84ECA78F1E9DC20300CB76EC;
			remoteInfo = FrontierCore;
		};
		849023D51E9EC258002D1BA7 /* PBXContainerItemProxy */ = {
			isa = PBXContainerItemProxy;
			containerPortal = 84ECA7E01E9EC20A00CB76EC /* FrontierVerbs.xcodeproj */;
			proxyType = 1;
			remoteGlobalIDString = 84ECA7BD1E9EC1CE00CB76EC;
			remoteInfo = FrontierVerbs;
		};
		849024061E9EC3D9002D1BA7 /* PBXContainerItemProxy */ = {
			isa = PBXContainerItemProxy;
			containerPortal = 849024011E9EC3D9002D1BA7 /* UserTalk.xcodeproj */;
			proxyType = 2;
			remoteGlobalIDString = 849023E71E9EC3C5002D1BA7;
			remoteInfo = UserTalk;
		};
		849024081E9EC3D9002D1BA7 /* PBXContainerItemProxy */ = {
			isa = PBXContainerItemProxy;
			containerPortal = 849024011E9EC3D9002D1BA7 /* UserTalk.xcodeproj */;
			proxyType = 2;
			remoteGlobalIDString = 849023F01E9EC3C5002D1BA7;
			remoteInfo = UserTalkTests;
		};
		84E726312064C495001DAA09 /* PBXContainerItemProxy */ = {
			isa = PBXContainerItemProxy;
			containerPortal = 84E726272064C495001DAA09 /* RSCore.xcodeproj */;
			proxyType = 2;
			remoteGlobalIDString = 84CFF4F41AC3C69700CEA6C8;
			remoteInfo = RSCore;
		};
		84E726332064C495001DAA09 /* PBXContainerItemProxy */ = {
			isa = PBXContainerItemProxy;
			containerPortal = 84E726272064C495001DAA09 /* RSCore.xcodeproj */;
			proxyType = 2;
			remoteGlobalIDString = 84CFF4FF1AC3C69700CEA6C8;
			remoteInfo = RSCoreTests;
		};
		84E726352064C495001DAA09 /* PBXContainerItemProxy */ = {
			isa = PBXContainerItemProxy;
			containerPortal = 84E726272064C495001DAA09 /* RSCore.xcodeproj */;
			proxyType = 2;
			remoteGlobalIDString = 842DD7BC1E14993900E061EB;
			remoteInfo = RSCoreiOS;
		};
		84E7263E2064C4A1001DAA09 /* PBXContainerItemProxy */ = {
			isa = PBXContainerItemProxy;
			containerPortal = 84E726382064C4A1001DAA09 /* RSDatabase.xcodeproj */;
			proxyType = 2;
			remoteGlobalIDString = 84F22C551B52E0D9000060CE;
			remoteInfo = RSDatabase;
		};
		84E726402064C4A1001DAA09 /* PBXContainerItemProxy */ = {
			isa = PBXContainerItemProxy;
			containerPortal = 84E726382064C4A1001DAA09 /* RSDatabase.xcodeproj */;
			proxyType = 2;
			remoteGlobalIDString = 84F22C5F1B52E0D9000060CE;
			remoteInfo = RSDatabaseTests;
		};
		84E726422064C4A1001DAA09 /* PBXContainerItemProxy */ = {
			isa = PBXContainerItemProxy;
			containerPortal = 84E726382064C4A1001DAA09 /* RSDatabase.xcodeproj */;
			proxyType = 2;
			remoteGlobalIDString = 8400ABF71E0CFBD800AA7C57;
			remoteInfo = RSDatabaseiOS;
		};
		84E726492064C4B6001DAA09 /* PBXContainerItemProxy */ = {
			isa = PBXContainerItemProxy;
			containerPortal = 84E726442064C4B6001DAA09 /* RSParser.xcodeproj */;
			proxyType = 2;
			remoteGlobalIDString = 84FF5F841EFA285800C15A01;
			remoteInfo = RSParser;
		};
		84E7264B2064C4B6001DAA09 /* PBXContainerItemProxy */ = {
			isa = PBXContainerItemProxy;
			containerPortal = 84E726442064C4B6001DAA09 /* RSParser.xcodeproj */;
			proxyType = 2;
			remoteGlobalIDString = 84FF5F8D1EFA285800C15A01;
			remoteInfo = RSParserTests;
		};
		84E726532064C4BE001DAA09 /* PBXContainerItemProxy */ = {
			isa = PBXContainerItemProxy;
			containerPortal = 84E7264D2064C4BE001DAA09 /* RSWeb.xcodeproj */;
			proxyType = 2;
			remoteGlobalIDString = 849C08B61E0CAC85006B03FA;
			remoteInfo = RSWeb;
		};
		84E726552064C4BE001DAA09 /* PBXContainerItemProxy */ = {
			isa = PBXContainerItemProxy;
			containerPortal = 84E7264D2064C4BE001DAA09 /* RSWeb.xcodeproj */;
			proxyType = 2;
			remoteGlobalIDString = 849C08BF1E0CAC86006B03FA;
			remoteInfo = RSWebTests;
		};
		84E726572064C4BE001DAA09 /* PBXContainerItemProxy */ = {
			isa = PBXContainerItemProxy;
			containerPortal = 84E7264D2064C4BE001DAA09 /* RSWeb.xcodeproj */;
			proxyType = 2;
			remoteGlobalIDString = 849C08D51E0CACA3006B03FA;
			remoteInfo = RSWebiOS;
		};
		84E7265B2064C4DD001DAA09 /* PBXContainerItemProxy */ = {
			isa = PBXContainerItemProxy;
			containerPortal = 84E726382064C4A1001DAA09 /* RSDatabase.xcodeproj */;
			proxyType = 1;
			remoteGlobalIDString = 84F22C541B52E0D9000060CE;
			remoteInfo = RSDatabase;
		};
		84E7265F2064C4E7001DAA09 /* PBXContainerItemProxy */ = {
			isa = PBXContainerItemProxy;
			containerPortal = 84E726272064C495001DAA09 /* RSCore.xcodeproj */;
			proxyType = 1;
			remoteGlobalIDString = 84CFF4F31AC3C69700CEA6C8;
			remoteInfo = RSCore;
		};
		84E726632064C4F3001DAA09 /* PBXContainerItemProxy */ = {
			isa = PBXContainerItemProxy;
			containerPortal = 84E726442064C4B6001DAA09 /* RSParser.xcodeproj */;
			proxyType = 1;
			remoteGlobalIDString = 84FF5F831EFA285800C15A01;
			remoteInfo = RSParser;
		};
		84E726672064C500001DAA09 /* PBXContainerItemProxy */ = {
			isa = PBXContainerItemProxy;
			containerPortal = 84E7264D2064C4BE001DAA09 /* RSWeb.xcodeproj */;
			proxyType = 1;
			remoteGlobalIDString = 849C08B51E0CAC85006B03FA;
			remoteInfo = RSWeb;
		};
		84E9B7A62086FC7000B3FA4D /* PBXContainerItemProxy */ = {
			isa = PBXContainerItemProxy;
			containerPortal = 84E9B7A12086FC7000B3FA4D /* DB5.xcodeproj */;
			proxyType = 2;
			remoteGlobalIDString = 84F22BD11B52DC2E000060CE;
			remoteInfo = DB5;
		};
		84E9B7A82086FC7000B3FA4D /* PBXContainerItemProxy */ = {
			isa = PBXContainerItemProxy;
			containerPortal = 84E9B7A12086FC7000B3FA4D /* DB5.xcodeproj */;
			proxyType = 2;
			remoteGlobalIDString = 84F22BDB1B52DC2E000060CE;
			remoteInfo = DB5Tests;
		};
		84E9B7B72086FC8700B3FA4D /* PBXContainerItemProxy */ = {
			isa = PBXContainerItemProxy;
			containerPortal = 84E9B7A12086FC7000B3FA4D /* DB5.xcodeproj */;
			proxyType = 1;
			remoteGlobalIDString = 84F22BD01B52DC2E000060CE;
			remoteInfo = DB5;
		};
		84ECA7AF1E9DC21000CB76EC /* PBXContainerItemProxy */ = {
			isa = PBXContainerItemProxy;
			containerPortal = 84ECA7AA1E9DC21000CB76EC /* FrontierCore.xcodeproj */;
			proxyType = 2;
			remoteGlobalIDString = 84ECA7901E9DC20300CB76EC;
			remoteInfo = FrontierCore;
		};
		84ECA7B11E9DC21000CB76EC /* PBXContainerItemProxy */ = {
			isa = PBXContainerItemProxy;
			containerPortal = 84ECA7AA1E9DC21000CB76EC /* FrontierCore.xcodeproj */;
			proxyType = 2;
			remoteGlobalIDString = 84ECA7991E9DC20300CB76EC;
			remoteInfo = FrontierCoreTests;
		};
		84ECA7E51E9EC20A00CB76EC /* PBXContainerItemProxy */ = {
			isa = PBXContainerItemProxy;
			containerPortal = 84ECA7E01E9EC20A00CB76EC /* FrontierVerbs.xcodeproj */;
			proxyType = 2;
			remoteGlobalIDString = 84ECA7BE1E9EC1CE00CB76EC;
			remoteInfo = FrontierVerbs;
		};
		84ECA7E71E9EC20A00CB76EC /* PBXContainerItemProxy */ = {
			isa = PBXContainerItemProxy;
			containerPortal = 84ECA7E01E9EC20A00CB76EC /* FrontierVerbs.xcodeproj */;
			proxyType = 2;
			remoteGlobalIDString = 84ECA7C71E9EC1CF00CB76EC;
			remoteInfo = FrontierVerbsTests;
		};
/* End PBXContainerItemProxy section */

/* Begin PBXCopyFilesBuildPhase section */
		849023D21E9EC24C002D1BA7 /* Embed Frameworks */ = {
			isa = PBXCopyFilesBuildPhase;
			buildActionMask = 2147483647;
			dstPath = "";
			dstSubfolderSpec = 10;
			files = (
				84E9B7B62086FC8700B3FA4D /* DB5.framework in Embed Frameworks */,
				84E726662064C500001DAA09 /* RSWeb.framework in Embed Frameworks */,
				84E726622064C4F3001DAA09 /* RSParser.framework in Embed Frameworks */,
				84E7265A2064C4DD001DAA09 /* RSDatabase.framework in Embed Frameworks */,
				84E7265E2064C4E7001DAA09 /* RSCore.framework in Embed Frameworks */,
				849023D41E9EC258002D1BA7 /* FrontierVerbs.framework in Embed Frameworks */,
				8481D34A1EA9A343008DBA8A /* FrontierData.framework in Embed Frameworks */,
				849023CF1E9EC24C002D1BA7 /* FrontierCore.framework in Embed Frameworks */,
			);
			name = "Embed Frameworks";
			runOnlyForDeploymentPostprocessing = 0;
		};
/* End PBXCopyFilesBuildPhase section */

/* Begin PBXFileReference section */
		84443E532118E64E0060889E /* MainWindow.storyboard */ = {isa = PBXFileReference; fileEncoding = 4; lastKnownFileType = file.storyboard; path = MainWindow.storyboard; sourceTree = "<group>"; };
		84443E542118E64E0060889E /* MainWindowController.swift */ = {isa = PBXFileReference; fileEncoding = 4; lastKnownFileType = sourcecode.swift; path = MainWindowController.swift; sourceTree = "<group>"; };
		844CB7691EB66FE200ED569C /* WPView.xib */ = {isa = PBXFileReference; fileEncoding = 4; lastKnownFileType = file.xib; name = WPView.xib; path = Frontier/WP/WPView.xib; sourceTree = "<group>"; };
		844CB76B1EB6714700ED569C /* DBView.xib */ = {isa = PBXFileReference; fileEncoding = 4; lastKnownFileType = file.xib; name = DBView.xib; path = Frontier/DB/DBView.xib; sourceTree = "<group>"; };
		844CB76D1EB6726900ED569C /* QuickScriptWindowController.swift */ = {isa = PBXFileReference; fileEncoding = 4; lastKnownFileType = sourcecode.swift; name = QuickScriptWindowController.swift; path = Frontier/QuickScript/QuickScriptWindowController.swift; sourceTree = SOURCE_ROOT; };
		844CB7701EB6728800ED569C /* QuickScriptWindow.xib */ = {isa = PBXFileReference; fileEncoding = 4; lastKnownFileType = file.xib; name = QuickScriptWindow.xib; path = Frontier/QuickScript/QuickScriptWindow.xib; sourceTree = SOURCE_ROOT; };
		844CB7721EB6747D00ED569C /* ErrorWindow.xib */ = {isa = PBXFileReference; fileEncoding = 4; lastKnownFileType = file.xib; name = ErrorWindow.xib; path = Frontier/ErrorWindow/ErrorWindow.xib; sourceTree = SOURCE_ROOT; };
		844CB7751EB674A700ED569C /* ErrorWindowController.swift */ = {isa = PBXFileReference; fileEncoding = 4; lastKnownFileType = sourcecode.swift; name = ErrorWindowController.swift; path = Frontier/ErrorWindow/ErrorWindowController.swift; sourceTree = SOURCE_ROOT; };
		84553ABB1EA9A320002FC299 /* FrontierData.xcodeproj */ = {isa = PBXFileReference; lastKnownFileType = "wrapper.pb-project"; name = FrontierData.xcodeproj; path = FrontierData/FrontierData.xcodeproj; sourceTree = "<group>"; };
		846188571E9D707A00A56F84 /* Frontier.app */ = {isa = PBXFileReference; explicitFileType = wrapper.application; includeInIndex = 0; path = Frontier.app; sourceTree = BUILT_PRODUCTS_DIR; };
		8461885A1E9D707A00A56F84 /* AppDelegate.swift */ = {isa = PBXFileReference; lastKnownFileType = sourcecode.swift; name = AppDelegate.swift; path = Frontier/AppDelegate.swift; sourceTree = "<group>"; };
		8461885E1E9D707A00A56F84 /* Assets.xcassets */ = {isa = PBXFileReference; lastKnownFileType = folder.assetcatalog; name = Assets.xcassets; path = Frontier/Assets.xcassets; sourceTree = "<group>"; };
		846188611E9D707A00A56F84 /* Base */ = {isa = PBXFileReference; lastKnownFileType = file.storyboard; name = Base; path = Base.lproj/Main.storyboard; sourceTree = "<group>"; };
		846188631E9D707A00A56F84 /* Info.plist */ = {isa = PBXFileReference; lastKnownFileType = text.plist.xml; name = Info.plist; path = Frontier/Info.plist; sourceTree = "<group>"; };
		846188681E9D707A00A56F84 /* FrontierTests.xctest */ = {isa = PBXFileReference; explicitFileType = wrapper.cfbundle; includeInIndex = 0; path = FrontierTests.xctest; sourceTree = BUILT_PRODUCTS_DIR; };
		8461886C1E9D707A00A56F84 /* FrontierTests.swift */ = {isa = PBXFileReference; lastKnownFileType = sourcecode.swift; path = FrontierTests.swift; sourceTree = "<group>"; };
		8461886E1E9D707A00A56F84 /* Info.plist */ = {isa = PBXFileReference; lastKnownFileType = text.plist.xml; path = Info.plist; sourceTree = "<group>"; };
		847943E72118E61900AEFBF9 /* StatusWindowViewController.swift */ = {isa = PBXFileReference; fileEncoding = 4; lastKnownFileType = sourcecode.swift; path = StatusWindowViewController.swift; sourceTree = "<group>"; };
		847943E82118E61900AEFBF9 /* StatusWindowController.swift */ = {isa = PBXFileReference; fileEncoding = 4; lastKnownFileType = sourcecode.swift; path = StatusWindowController.swift; sourceTree = "<group>"; };
		847943E92118E61900AEFBF9 /* StatusWindow.swift */ = {isa = PBXFileReference; fileEncoding = 4; lastKnownFileType = sourcecode.swift; path = StatusWindow.swift; sourceTree = "<group>"; };
		849024011E9EC3D9002D1BA7 /* UserTalk.xcodeproj */ = {isa = PBXFileReference; lastKnownFileType = "wrapper.pb-project"; name = UserTalk.xcodeproj; path = UserTalk/UserTalk.xcodeproj; sourceTree = "<group>"; };
		84E726272064C495001DAA09 /* RSCore.xcodeproj */ = {isa = PBXFileReference; lastKnownFileType = "wrapper.pb-project"; name = RSCore.xcodeproj; path = submodules/RSCore/RSCore.xcodeproj; sourceTree = "<group>"; };
		84E726382064C4A1001DAA09 /* RSDatabase.xcodeproj */ = {isa = PBXFileReference; lastKnownFileType = "wrapper.pb-project"; name = RSDatabase.xcodeproj; path = submodules/RSDatabase/RSDatabase.xcodeproj; sourceTree = "<group>"; };
		84E726442064C4B6001DAA09 /* RSParser.xcodeproj */ = {isa = PBXFileReference; lastKnownFileType = "wrapper.pb-project"; name = RSParser.xcodeproj; path = submodules/RSParser/RSParser.xcodeproj; sourceTree = "<group>"; };
		84E7264D2064C4BE001DAA09 /* RSWeb.xcodeproj */ = {isa = PBXFileReference; lastKnownFileType = "wrapper.pb-project"; name = RSWeb.xcodeproj; path = submodules/RSWeb/RSWeb.xcodeproj; sourceTree = "<group>"; };
		84E9B7A12086FC7000B3FA4D /* DB5.xcodeproj */ = {isa = PBXFileReference; lastKnownFileType = "wrapper.pb-project"; name = DB5.xcodeproj; path = submodules/DB5/DB5.xcodeproj; sourceTree = "<group>"; };
		84ECA7AA1E9DC21000CB76EC /* FrontierCore.xcodeproj */ = {isa = PBXFileReference; lastKnownFileType = "wrapper.pb-project"; name = FrontierCore.xcodeproj; path = FrontierCore/FrontierCore.xcodeproj; sourceTree = "<group>"; };
		84ECA7E01E9EC20A00CB76EC /* FrontierVerbs.xcodeproj */ = {isa = PBXFileReference; lastKnownFileType = "wrapper.pb-project"; name = FrontierVerbs.xcodeproj; path = FrontierVerbs/FrontierVerbs.xcodeproj; sourceTree = "<group>"; };
		84EEF8441EA7FFDA0061A312 /* JumpWindowController.swift */ = {isa = PBXFileReference; fileEncoding = 4; lastKnownFileType = sourcecode.swift; name = JumpWindowController.swift; path = Frontier/JumpWindow/JumpWindowController.swift; sourceTree = "<group>"; };
		84EEF8471EA84F8F0061A312 /* ScriptViewController.swift */ = {isa = PBXFileReference; fileEncoding = 4; lastKnownFileType = sourcecode.swift; name = ScriptViewController.swift; path = Frontier/Script/ScriptViewController.swift; sourceTree = "<group>"; };
		84EEF84A1EA84FB70061A312 /* OPViewController.swift */ = {isa = PBXFileReference; fileEncoding = 4; lastKnownFileType = sourcecode.swift; name = OPViewController.swift; path = Frontier/OP/OPViewController.swift; sourceTree = "<group>"; };
		84EEF84D1EA84FE20061A312 /* WPViewController.swift */ = {isa = PBXFileReference; fileEncoding = 4; lastKnownFileType = sourcecode.swift; name = WPViewController.swift; path = Frontier/WP/WPViewController.swift; sourceTree = "<group>"; };
		84EEF85A1EA850830061A312 /* JumpWindow.xib */ = {isa = PBXFileReference; fileEncoding = 4; lastKnownFileType = file.xib; name = JumpWindow.xib; path = Frontier/JumpWindow/JumpWindow.xib; sourceTree = "<group>"; };
		84EEF85C1EA8513E0061A312 /* DBViewController.swift */ = {isa = PBXFileReference; fileEncoding = 4; lastKnownFileType = sourcecode.swift; name = DBViewController.swift; path = Frontier/DB/DBViewController.swift; sourceTree = "<group>"; };
		84EEF8601EA8540A0061A312 /* PreferencesWindowController.swift */ = {isa = PBXFileReference; fileEncoding = 4; lastKnownFileType = sourcecode.swift; path = PreferencesWindowController.swift; sourceTree = "<group>"; };
		84EEF8631EA855040061A312 /* Base */ = {isa = PBXFileReference; lastKnownFileType = file.storyboard; name = Base; path = Frontier/Base.lproj/Preferences.storyboard; sourceTree = SOURCE_ROOT; };
		84EEF8651EA86D5C0061A312 /* DefaultsKey.swift */ = {isa = PBXFileReference; fileEncoding = 4; lastKnownFileType = sourcecode.swift; path = DefaultsKey.swift; sourceTree = "<group>"; };
		84EEF8671EA94D0D0061A312 /* ScriptView.xib */ = {isa = PBXFileReference; fileEncoding = 4; lastKnownFileType = file.xib; name = ScriptView.xib; path = Frontier/Script/ScriptView.xib; sourceTree = "<group>"; };
		84EEF8691EA94FF70061A312 /* OPView.xib */ = {isa = PBXFileReference; fileEncoding = 4; lastKnownFileType = file.xib; name = OPView.xib; path = Frontier/OP/OPView.xib; sourceTree = "<group>"; };
		84F178AA211A35BF003E2833 /* SidebarViewController.swift */ = {isa = PBXFileReference; fileEncoding = 4; lastKnownFileType = sourcecode.swift; path = SidebarViewController.swift; sourceTree = "<group>"; };
/* End PBXFileReference section */

/* Begin PBXFrameworksBuildPhase section */
		846188541E9D707A00A56F84 /* Frameworks */ = {
			isa = PBXFrameworksBuildPhase;
			buildActionMask = 2147483647;
			files = (
				84E9B7B52086FC8700B3FA4D /* DB5.framework in Frameworks */,
				84E726652064C500001DAA09 /* RSWeb.framework in Frameworks */,
				84E726612064C4F3001DAA09 /* RSParser.framework in Frameworks */,
				84E726592064C4DD001DAA09 /* RSDatabase.framework in Frameworks */,
				84E7265D2064C4E7001DAA09 /* RSCore.framework in Frameworks */,
				849023D31E9EC258002D1BA7 /* FrontierVerbs.framework in Frameworks */,
				8481D3491EA9A343008DBA8A /* FrontierData.framework in Frameworks */,
				849023CE1E9EC24C002D1BA7 /* FrontierCore.framework in Frameworks */,
			);
			runOnlyForDeploymentPostprocessing = 0;
		};
		846188651E9D707A00A56F84 /* Frameworks */ = {
			isa = PBXFrameworksBuildPhase;
			buildActionMask = 2147483647;
			files = (
			);
			runOnlyForDeploymentPostprocessing = 0;
		};
/* End PBXFrameworksBuildPhase section */

/* Begin PBXGroup section */
		84443E522118E64E0060889E /* MainWindow */ = {
			isa = PBXGroup;
			children = (
				84443E532118E64E0060889E /* MainWindow.storyboard */,
				84443E542118E64E0060889E /* MainWindowController.swift */,
				84F178A9211A35BF003E2833 /* Sidebar */,
			);
			name = MainWindow;
			path = Frontier/MainWindow;
			sourceTree = "<group>";
		};
		844CB76F1EB6726C00ED569C /* QuickScript */ = {
			isa = PBXGroup;
			children = (
				844CB7701EB6728800ED569C /* QuickScriptWindow.xib */,
				844CB76D1EB6726900ED569C /* QuickScriptWindowController.swift */,
			);
			name = QuickScript;
			path = Frontier/Preferences;
			sourceTree = "<group>";
		};
		844CB7741EB6748100ED569C /* Error Window */ = {
			isa = PBXGroup;
			children = (
				844CB7721EB6747D00ED569C /* ErrorWindow.xib */,
				844CB7751EB674A700ED569C /* ErrorWindowController.swift */,
			);
			name = "Error Window";
			path = Frontier/Preferences;
			sourceTree = "<group>";
		};
		84553ABC1EA9A320002FC299 /* Products */ = {
			isa = PBXGroup;
			children = (
				84553AC21EA9A320002FC299 /* FrontierData.framework */,
				84553AC41EA9A320002FC299 /* FrontierDataTests.xctest */,
			);
			name = Products;
			sourceTree = "<group>";
		};
		8461884E1E9D707A00A56F84 = {
			isa = PBXGroup;
			children = (
				8461885E1E9D707A00A56F84 /* Assets.xcassets */,
				846188601E9D707A00A56F84 /* Main.storyboard */,
				8461885A1E9D707A00A56F84 /* AppDelegate.swift */,
				847943E62118E61900AEFBF9 /* StatusWindow */,
				84443E522118E64E0060889E /* MainWindow */,
				84EEF85E1EA851440061A312 /* DB */,
				84EEF8491EA84F940061A312 /* Script */,
				84EEF84C1EA84FBB0061A312 /* OP */,
				84EEF84F1EA84FE50061A312 /* WP */,
				84EEF8461EA7FFDE0061A312 /* JumpWindow */,
				84EEF85F1EA8540A0061A312 /* Preferences */,
				844CB76F1EB6726C00ED569C /* QuickScript */,
				844CB7741EB6748100ED569C /* Error Window */,
				846188631E9D707A00A56F84 /* Info.plist */,
				8461886B1E9D707A00A56F84 /* FrontierTests */,
				846188581E9D707A00A56F84 /* Products */,
				84553ABB1EA9A320002FC299 /* FrontierData.xcodeproj */,
				84ECA7E01E9EC20A00CB76EC /* FrontierVerbs.xcodeproj */,
				849024011E9EC3D9002D1BA7 /* UserTalk.xcodeproj */,
				84ECA7AA1E9DC21000CB76EC /* FrontierCore.xcodeproj */,
				84E726382064C4A1001DAA09 /* RSDatabase.xcodeproj */,
				84E726272064C495001DAA09 /* RSCore.xcodeproj */,
				84E726442064C4B6001DAA09 /* RSParser.xcodeproj */,
				84E9B7A12086FC7000B3FA4D /* DB5.xcodeproj */,
				84E7264D2064C4BE001DAA09 /* RSWeb.xcodeproj */,
			);
			sourceTree = "<group>";
		};
		846188581E9D707A00A56F84 /* Products */ = {
			isa = PBXGroup;
			children = (
				846188571E9D707A00A56F84 /* Frontier.app */,
				846188681E9D707A00A56F84 /* FrontierTests.xctest */,
			);
			name = Products;
			sourceTree = "<group>";
		};
		8461886B1E9D707A00A56F84 /* FrontierTests */ = {
			isa = PBXGroup;
			children = (
				8461886C1E9D707A00A56F84 /* FrontierTests.swift */,
				8461886E1E9D707A00A56F84 /* Info.plist */,
			);
			path = FrontierTests;
			sourceTree = "<group>";
		};
		847943E62118E61900AEFBF9 /* StatusWindow */ = {
			isa = PBXGroup;
			children = (
				847943E72118E61900AEFBF9 /* StatusWindowViewController.swift */,
				847943E82118E61900AEFBF9 /* StatusWindowController.swift */,
				847943E92118E61900AEFBF9 /* StatusWindow.swift */,
			);
			name = StatusWindow;
			path = Frontier/StatusWindow;
			sourceTree = "<group>";
		};
		849024021E9EC3D9002D1BA7 /* Products */ = {
			isa = PBXGroup;
			children = (
				849024071E9EC3D9002D1BA7 /* UserTalk.framework */,
				849024091E9EC3D9002D1BA7 /* UserTalkTests.xctest */,
			);
			name = Products;
			sourceTree = "<group>";
		};
		84E726282064C495001DAA09 /* Products */ = {
			isa = PBXGroup;
			children = (
				84E726322064C495001DAA09 /* RSCore.framework */,
				84E726342064C495001DAA09 /* RSCoreTests.xctest */,
				84E726362064C495001DAA09 /* RSCore.framework */,
			);
			name = Products;
			sourceTree = "<group>";
		};
		84E726392064C4A1001DAA09 /* Products */ = {
			isa = PBXGroup;
			children = (
				84E7263F2064C4A1001DAA09 /* RSDatabase.framework */,
				84E726412064C4A1001DAA09 /* RSDatabaseTests.xctest */,
				84E726432064C4A1001DAA09 /* RSDatabase.framework */,
			);
			name = Products;
			sourceTree = "<group>";
		};
		84E726452064C4B6001DAA09 /* Products */ = {
			isa = PBXGroup;
			children = (
				84E7264A2064C4B6001DAA09 /* RSParser.framework */,
				84E7264C2064C4B6001DAA09 /* RSParserTests.xctest */,
			);
			name = Products;
			sourceTree = "<group>";
		};
		84E7264E2064C4BE001DAA09 /* Products */ = {
			isa = PBXGroup;
			children = (
				84E726542064C4BE001DAA09 /* RSWeb.framework */,
				84E726562064C4BE001DAA09 /* RSWebTests.xctest */,
				84E726582064C4BE001DAA09 /* RSWeb.framework */,
			);
			name = Products;
			sourceTree = "<group>";
		};
		84E9B7A22086FC7000B3FA4D /* Products */ = {
			isa = PBXGroup;
			children = (
				84E9B7A72086FC7000B3FA4D /* DB5.framework */,
				84E9B7A92086FC7000B3FA4D /* DB5Tests.xctest */,
			);
			name = Products;
			sourceTree = "<group>";
		};
		84ECA7AB1E9DC21000CB76EC /* Products */ = {
			isa = PBXGroup;
			children = (
				84ECA7B01E9DC21000CB76EC /* FrontierCore.framework */,
				84ECA7B21E9DC21000CB76EC /* FrontierCoreTests.xctest */,
			);
			name = Products;
			sourceTree = "<group>";
		};
		84ECA7E11E9EC20A00CB76EC /* Products */ = {
			isa = PBXGroup;
			children = (
				84ECA7E61E9EC20A00CB76EC /* FrontierVerbs.framework */,
				84ECA7E81E9EC20A00CB76EC /* FrontierVerbsTests.xctest */,
			);
			name = Products;
			sourceTree = "<group>";
		};
		84EEF8461EA7FFDE0061A312 /* JumpWindow */ = {
			isa = PBXGroup;
			children = (
				84EEF85A1EA850830061A312 /* JumpWindow.xib */,
				84EEF8441EA7FFDA0061A312 /* JumpWindowController.swift */,
			);
			name = JumpWindow;
			sourceTree = "<group>";
		};
		84EEF8491EA84F940061A312 /* Script */ = {
			isa = PBXGroup;
			children = (
				84EEF8671EA94D0D0061A312 /* ScriptView.xib */,
				84EEF8471EA84F8F0061A312 /* ScriptViewController.swift */,
			);
			name = Script;
			sourceTree = "<group>";
		};
		84EEF84C1EA84FBB0061A312 /* OP */ = {
			isa = PBXGroup;
			children = (
				84EEF8691EA94FF70061A312 /* OPView.xib */,
				84EEF84A1EA84FB70061A312 /* OPViewController.swift */,
			);
			name = OP;
			sourceTree = "<group>";
		};
		84EEF84F1EA84FE50061A312 /* WP */ = {
			isa = PBXGroup;
			children = (
				844CB7691EB66FE200ED569C /* WPView.xib */,
				84EEF84D1EA84FE20061A312 /* WPViewController.swift */,
			);
			name = WP;
			sourceTree = "<group>";
		};
		84EEF85E1EA851440061A312 /* DB */ = {
			isa = PBXGroup;
			children = (
				844CB76B1EB6714700ED569C /* DBView.xib */,
				84EEF85C1EA8513E0061A312 /* DBViewController.swift */,
			);
			name = DB;
			sourceTree = "<group>";
		};
		84EEF85F1EA8540A0061A312 /* Preferences */ = {
			isa = PBXGroup;
			children = (
				84EEF8621EA855040061A312 /* Preferences.storyboard */,
				84EEF8601EA8540A0061A312 /* PreferencesWindowController.swift */,
				84EEF8651EA86D5C0061A312 /* DefaultsKey.swift */,
			);
			name = Preferences;
			path = Frontier/Preferences;
			sourceTree = "<group>";
		};
		84F178A9211A35BF003E2833 /* Sidebar */ = {
			isa = PBXGroup;
			children = (
				84F178AA211A35BF003E2833 /* SidebarViewController.swift */,
			);
			path = Sidebar;
			sourceTree = "<group>";
		};
/* End PBXGroup section */

/* Begin PBXNativeTarget section */
		846188561E9D707A00A56F84 /* Frontier */ = {
			isa = PBXNativeTarget;
			buildConfigurationList = 846188711E9D707A00A56F84 /* Build configuration list for PBXNativeTarget "Frontier" */;
			buildPhases = (
				846188531E9D707A00A56F84 /* Sources */,
				846188541E9D707A00A56F84 /* Frameworks */,
				846188551E9D707A00A56F84 /* Resources */,
				849023D21E9EC24C002D1BA7 /* Embed Frameworks */,
			);
			buildRules = (
			);
			dependencies = (
				849023D11E9EC24C002D1BA7 /* PBXTargetDependency */,
				849023D61E9EC258002D1BA7 /* PBXTargetDependency */,
				8481D34C1EA9A343008DBA8A /* PBXTargetDependency */,
				84E7265C2064C4DD001DAA09 /* PBXTargetDependency */,
				84E726602064C4E7001DAA09 /* PBXTargetDependency */,
				84E726642064C4F3001DAA09 /* PBXTargetDependency */,
				84E726682064C500001DAA09 /* PBXTargetDependency */,
				84E9B7B82086FC8700B3FA4D /* PBXTargetDependency */,
			);
			name = Frontier;
			productName = Frontier;
			productReference = 846188571E9D707A00A56F84 /* Frontier.app */;
			productType = "com.apple.product-type.application";
		};
		846188671E9D707A00A56F84 /* FrontierTests */ = {
			isa = PBXNativeTarget;
			buildConfigurationList = 846188741E9D707A00A56F84 /* Build configuration list for PBXNativeTarget "FrontierTests" */;
			buildPhases = (
				846188641E9D707A00A56F84 /* Sources */,
				846188651E9D707A00A56F84 /* Frameworks */,
				846188661E9D707A00A56F84 /* Resources */,
			);
			buildRules = (
			);
			dependencies = (
				8461886A1E9D707A00A56F84 /* PBXTargetDependency */,
			);
			name = FrontierTests;
			productName = FrontierTests;
			productReference = 846188681E9D707A00A56F84 /* FrontierTests.xctest */;
			productType = "com.apple.product-type.bundle.unit-test";
		};
/* End PBXNativeTarget section */

/* Begin PBXProject section */
		8461884F1E9D707A00A56F84 /* Project object */ = {
			isa = PBXProject;
			attributes = {
				LastSwiftUpdateCheck = 0820;
				LastUpgradeCheck = 0820;
				ORGANIZATIONNAME = "Ranchero Software";
				TargetAttributes = {
					846188561E9D707A00A56F84 = {
						CreatedOnToolsVersion = 8.2.1;
						DevelopmentTeam = 9C84TZ7Q6Z;
						ProvisioningStyle = Automatic;
					};
					846188671E9D707A00A56F84 = {
						CreatedOnToolsVersion = 8.2.1;
						DevelopmentTeam = 9C84TZ7Q6Z;
						ProvisioningStyle = Automatic;
						TestTargetID = 846188561E9D707A00A56F84;
					};
				};
			};
			buildConfigurationList = 846188521E9D707A00A56F84 /* Build configuration list for PBXProject "Frontier" */;
			compatibilityVersion = "Xcode 3.2";
			developmentRegion = English;
			hasScannedForEncodings = 0;
			knownRegions = (
				en,
				Base,
			);
			mainGroup = 8461884E1E9D707A00A56F84;
			productRefGroup = 846188581E9D707A00A56F84 /* Products */;
			projectDirPath = "";
			projectReferences = (
				{
					ProductGroup = 84E9B7A22086FC7000B3FA4D /* Products */;
					ProjectRef = 84E9B7A12086FC7000B3FA4D /* DB5.xcodeproj */;
				},
				{
					ProductGroup = 84ECA7AB1E9DC21000CB76EC /* Products */;
					ProjectRef = 84ECA7AA1E9DC21000CB76EC /* FrontierCore.xcodeproj */;
				},
				{
					ProductGroup = 84553ABC1EA9A320002FC299 /* Products */;
					ProjectRef = 84553ABB1EA9A320002FC299 /* FrontierData.xcodeproj */;
				},
				{
					ProductGroup = 84ECA7E11E9EC20A00CB76EC /* Products */;
					ProjectRef = 84ECA7E01E9EC20A00CB76EC /* FrontierVerbs.xcodeproj */;
				},
				{
					ProductGroup = 84E726282064C495001DAA09 /* Products */;
					ProjectRef = 84E726272064C495001DAA09 /* RSCore.xcodeproj */;
				},
				{
					ProductGroup = 84E726392064C4A1001DAA09 /* Products */;
					ProjectRef = 84E726382064C4A1001DAA09 /* RSDatabase.xcodeproj */;
				},
				{
					ProductGroup = 84E726452064C4B6001DAA09 /* Products */;
					ProjectRef = 84E726442064C4B6001DAA09 /* RSParser.xcodeproj */;
				},
				{
					ProductGroup = 84E7264E2064C4BE001DAA09 /* Products */;
					ProjectRef = 84E7264D2064C4BE001DAA09 /* RSWeb.xcodeproj */;
				},
				{
					ProductGroup = 849024021E9EC3D9002D1BA7 /* Products */;
					ProjectRef = 849024011E9EC3D9002D1BA7 /* UserTalk.xcodeproj */;
				},
			);
			projectRoot = "";
			targets = (
				846188561E9D707A00A56F84 /* Frontier */,
				846188671E9D707A00A56F84 /* FrontierTests */,
			);
		};
/* End PBXProject section */

/* Begin PBXReferenceProxy section */
		84553AC21EA9A320002FC299 /* FrontierData.framework */ = {
			isa = PBXReferenceProxy;
			fileType = wrapper.framework;
			path = FrontierData.framework;
			remoteRef = 84553AC11EA9A320002FC299 /* PBXContainerItemProxy */;
			sourceTree = BUILT_PRODUCTS_DIR;
		};
		84553AC41EA9A320002FC299 /* FrontierDataTests.xctest */ = {
			isa = PBXReferenceProxy;
			fileType = wrapper.cfbundle;
			path = FrontierDataTests.xctest;
			remoteRef = 84553AC31EA9A320002FC299 /* PBXContainerItemProxy */;
			sourceTree = BUILT_PRODUCTS_DIR;
		};
		849024071E9EC3D9002D1BA7 /* UserTalk.framework */ = {
			isa = PBXReferenceProxy;
			fileType = wrapper.framework;
			path = UserTalk.framework;
			remoteRef = 849024061E9EC3D9002D1BA7 /* PBXContainerItemProxy */;
			sourceTree = BUILT_PRODUCTS_DIR;
		};
		849024091E9EC3D9002D1BA7 /* UserTalkTests.xctest */ = {
			isa = PBXReferenceProxy;
			fileType = wrapper.cfbundle;
			path = UserTalkTests.xctest;
			remoteRef = 849024081E9EC3D9002D1BA7 /* PBXContainerItemProxy */;
			sourceTree = BUILT_PRODUCTS_DIR;
		};
		84E726322064C495001DAA09 /* RSCore.framework */ = {
			isa = PBXReferenceProxy;
			fileType = wrapper.framework;
			path = RSCore.framework;
			remoteRef = 84E726312064C495001DAA09 /* PBXContainerItemProxy */;
			sourceTree = BUILT_PRODUCTS_DIR;
		};
		84E726342064C495001DAA09 /* RSCoreTests.xctest */ = {
			isa = PBXReferenceProxy;
			fileType = wrapper.cfbundle;
			path = RSCoreTests.xctest;
			remoteRef = 84E726332064C495001DAA09 /* PBXContainerItemProxy */;
			sourceTree = BUILT_PRODUCTS_DIR;
		};
		84E726362064C495001DAA09 /* RSCore.framework */ = {
			isa = PBXReferenceProxy;
			fileType = wrapper.framework;
			path = RSCore.framework;
			remoteRef = 84E726352064C495001DAA09 /* PBXContainerItemProxy */;
			sourceTree = BUILT_PRODUCTS_DIR;
		};
		84E7263F2064C4A1001DAA09 /* RSDatabase.framework */ = {
			isa = PBXReferenceProxy;
			fileType = wrapper.framework;
			path = RSDatabase.framework;
			remoteRef = 84E7263E2064C4A1001DAA09 /* PBXContainerItemProxy */;
			sourceTree = BUILT_PRODUCTS_DIR;
		};
		84E726412064C4A1001DAA09 /* RSDatabaseTests.xctest */ = {
			isa = PBXReferenceProxy;
			fileType = wrapper.cfbundle;
			path = RSDatabaseTests.xctest;
			remoteRef = 84E726402064C4A1001DAA09 /* PBXContainerItemProxy */;
			sourceTree = BUILT_PRODUCTS_DIR;
		};
		84E726432064C4A1001DAA09 /* RSDatabase.framework */ = {
			isa = PBXReferenceProxy;
			fileType = wrapper.framework;
			path = RSDatabase.framework;
			remoteRef = 84E726422064C4A1001DAA09 /* PBXContainerItemProxy */;
			sourceTree = BUILT_PRODUCTS_DIR;
		};
		84E7264A2064C4B6001DAA09 /* RSParser.framework */ = {
			isa = PBXReferenceProxy;
			fileType = wrapper.framework;
			path = RSParser.framework;
			remoteRef = 84E726492064C4B6001DAA09 /* PBXContainerItemProxy */;
			sourceTree = BUILT_PRODUCTS_DIR;
		};
		84E7264C2064C4B6001DAA09 /* RSParserTests.xctest */ = {
			isa = PBXReferenceProxy;
			fileType = wrapper.cfbundle;
			path = RSParserTests.xctest;
			remoteRef = 84E7264B2064C4B6001DAA09 /* PBXContainerItemProxy */;
			sourceTree = BUILT_PRODUCTS_DIR;
		};
		84E726542064C4BE001DAA09 /* RSWeb.framework */ = {
			isa = PBXReferenceProxy;
			fileType = wrapper.framework;
			path = RSWeb.framework;
			remoteRef = 84E726532064C4BE001DAA09 /* PBXContainerItemProxy */;
			sourceTree = BUILT_PRODUCTS_DIR;
		};
		84E726562064C4BE001DAA09 /* RSWebTests.xctest */ = {
			isa = PBXReferenceProxy;
			fileType = wrapper.cfbundle;
			path = RSWebTests.xctest;
			remoteRef = 84E726552064C4BE001DAA09 /* PBXContainerItemProxy */;
			sourceTree = BUILT_PRODUCTS_DIR;
		};
		84E726582064C4BE001DAA09 /* RSWeb.framework */ = {
			isa = PBXReferenceProxy;
			fileType = wrapper.framework;
			path = RSWeb.framework;
			remoteRef = 84E726572064C4BE001DAA09 /* PBXContainerItemProxy */;
			sourceTree = BUILT_PRODUCTS_DIR;
		};
		84E9B7A72086FC7000B3FA4D /* DB5.framework */ = {
			isa = PBXReferenceProxy;
			fileType = wrapper.framework;
			path = DB5.framework;
			remoteRef = 84E9B7A62086FC7000B3FA4D /* PBXContainerItemProxy */;
			sourceTree = BUILT_PRODUCTS_DIR;
		};
		84E9B7A92086FC7000B3FA4D /* DB5Tests.xctest */ = {
			isa = PBXReferenceProxy;
			fileType = wrapper.cfbundle;
			path = DB5Tests.xctest;
			remoteRef = 84E9B7A82086FC7000B3FA4D /* PBXContainerItemProxy */;
			sourceTree = BUILT_PRODUCTS_DIR;
		};
		84ECA7B01E9DC21000CB76EC /* FrontierCore.framework */ = {
			isa = PBXReferenceProxy;
			fileType = wrapper.framework;
			path = FrontierCore.framework;
			remoteRef = 84ECA7AF1E9DC21000CB76EC /* PBXContainerItemProxy */;
			sourceTree = BUILT_PRODUCTS_DIR;
		};
		84ECA7B21E9DC21000CB76EC /* FrontierCoreTests.xctest */ = {
			isa = PBXReferenceProxy;
			fileType = wrapper.cfbundle;
			path = FrontierCoreTests.xctest;
			remoteRef = 84ECA7B11E9DC21000CB76EC /* PBXContainerItemProxy */;
			sourceTree = BUILT_PRODUCTS_DIR;
		};
		84ECA7E61E9EC20A00CB76EC /* FrontierVerbs.framework */ = {
			isa = PBXReferenceProxy;
			fileType = wrapper.framework;
			path = FrontierVerbs.framework;
			remoteRef = 84ECA7E51E9EC20A00CB76EC /* PBXContainerItemProxy */;
			sourceTree = BUILT_PRODUCTS_DIR;
		};
		84ECA7E81E9EC20A00CB76EC /* FrontierVerbsTests.xctest */ = {
			isa = PBXReferenceProxy;
			fileType = wrapper.cfbundle;
			path = FrontierVerbsTests.xctest;
			remoteRef = 84ECA7E71E9EC20A00CB76EC /* PBXContainerItemProxy */;
			sourceTree = BUILT_PRODUCTS_DIR;
		};
/* End PBXReferenceProxy section */

/* Begin PBXResourcesBuildPhase section */
		846188551E9D707A00A56F84 /* Resources */ = {
			isa = PBXResourcesBuildPhase;
			buildActionMask = 2147483647;
			files = (
				844CB76C1EB6714700ED569C /* DBView.xib in Resources */,
				84EEF86A1EA94FF70061A312 /* OPView.xib in Resources */,
				844CB7711EB6728800ED569C /* QuickScriptWindow.xib in Resources */,
				844CB7731EB6747D00ED569C /* ErrorWindow.xib in Resources */,
				8461885F1E9D707A00A56F84 /* Assets.xcassets in Resources */,
				84443E622118E64E0060889E /* MainWindow.storyboard in Resources */,
				84EEF85B1EA850830061A312 /* JumpWindow.xib in Resources */,
				84EEF8681EA94D0D0061A312 /* ScriptView.xib in Resources */,
				844CB76A1EB66FE200ED569C /* WPView.xib in Resources */,
				84EEF8641EA855040061A312 /* Preferences.storyboard in Resources */,
				846188621E9D707A00A56F84 /* Main.storyboard in Resources */,
			);
			runOnlyForDeploymentPostprocessing = 0;
		};
		846188661E9D707A00A56F84 /* Resources */ = {
			isa = PBXResourcesBuildPhase;
			buildActionMask = 2147483647;
			files = (
			);
			runOnlyForDeploymentPostprocessing = 0;
		};
/* End PBXResourcesBuildPhase section */

/* Begin PBXSourcesBuildPhase section */
		846188531E9D707A00A56F84 /* Sources */ = {
			isa = PBXSourcesBuildPhase;
			buildActionMask = 2147483647;
			files = (
				847943EB2118E61900AEFBF9 /* StatusWindowController.swift in Sources */,
				847943EA2118E61900AEFBF9 /* StatusWindowViewController.swift in Sources */,
				844CB7761EB674A700ED569C /* ErrorWindowController.swift in Sources */,
				84EEF8611EA8540A0061A312 /* PreferencesWindowController.swift in Sources */,
				84EEF8451EA7FFDA0061A312 /* JumpWindowController.swift in Sources */,
				8461885B1E9D707A00A56F84 /* AppDelegate.swift in Sources */,
				84EEF8661EA86D5C0061A312 /* DefaultsKey.swift in Sources */,
				847943EC2118E61900AEFBF9 /* StatusWindow.swift in Sources */,
				84EEF8481EA84F8F0061A312 /* ScriptViewController.swift in Sources */,
				844CB76E1EB6726900ED569C /* QuickScriptWindowController.swift in Sources */,
				84F178AB211A35BF003E2833 /* SidebarViewController.swift in Sources */,
				84EEF84E1EA84FE20061A312 /* WPViewController.swift in Sources */,
				84EEF85D1EA8513E0061A312 /* DBViewController.swift in Sources */,
				84EEF84B1EA84FB70061A312 /* OPViewController.swift in Sources */,
				84443E632118E64E0060889E /* MainWindowController.swift in Sources */,
			);
			runOnlyForDeploymentPostprocessing = 0;
		};
		846188641E9D707A00A56F84 /* Sources */ = {
			isa = PBXSourcesBuildPhase;
			buildActionMask = 2147483647;
			files = (
				8461886D1E9D707A00A56F84 /* FrontierTests.swift in Sources */,
			);
			runOnlyForDeploymentPostprocessing = 0;
		};
/* End PBXSourcesBuildPhase section */

/* Begin PBXTargetDependency section */
		8461886A1E9D707A00A56F84 /* PBXTargetDependency */ = {
			isa = PBXTargetDependency;
			target = 846188561E9D707A00A56F84 /* Frontier */;
			targetProxy = 846188691E9D707A00A56F84 /* PBXContainerItemProxy */;
		};
		8481D34C1EA9A343008DBA8A /* PBXTargetDependency */ = {
			isa = PBXTargetDependency;
			name = FrontierData;
			targetProxy = 8481D34B1EA9A343008DBA8A /* PBXContainerItemProxy */;
		};
		849023D11E9EC24C002D1BA7 /* PBXTargetDependency */ = {
			isa = PBXTargetDependency;
			name = FrontierCore;
			targetProxy = 849023D01E9EC24C002D1BA7 /* PBXContainerItemProxy */;
		};
		849023D61E9EC258002D1BA7 /* PBXTargetDependency */ = {
			isa = PBXTargetDependency;
			name = FrontierVerbs;
			targetProxy = 849023D51E9EC258002D1BA7 /* PBXContainerItemProxy */;
		};
		84E7265C2064C4DD001DAA09 /* PBXTargetDependency */ = {
			isa = PBXTargetDependency;
			name = RSDatabase;
			targetProxy = 84E7265B2064C4DD001DAA09 /* PBXContainerItemProxy */;
		};
		84E726602064C4E7001DAA09 /* PBXTargetDependency */ = {
			isa = PBXTargetDependency;
			name = RSCore;
			targetProxy = 84E7265F2064C4E7001DAA09 /* PBXContainerItemProxy */;
		};
		84E726642064C4F3001DAA09 /* PBXTargetDependency */ = {
			isa = PBXTargetDependency;
			name = RSParser;
			targetProxy = 84E726632064C4F3001DAA09 /* PBXContainerItemProxy */;
		};
		84E726682064C500001DAA09 /* PBXTargetDependency */ = {
			isa = PBXTargetDependency;
			name = RSWeb;
			targetProxy = 84E726672064C500001DAA09 /* PBXContainerItemProxy */;
		};
		84E9B7B82086FC8700B3FA4D /* PBXTargetDependency */ = {
			isa = PBXTargetDependency;
			name = DB5;
			targetProxy = 84E9B7B72086FC8700B3FA4D /* PBXContainerItemProxy */;
		};
/* End PBXTargetDependency section */

/* Begin PBXVariantGroup section */
		846188601E9D707A00A56F84 /* Main.storyboard */ = {
			isa = PBXVariantGroup;
			children = (
				846188611E9D707A00A56F84 /* Base */,
			);
			name = Main.storyboard;
			path = Frontier;
			sourceTree = "<group>";
		};
		84EEF8621EA855040061A312 /* Preferences.storyboard */ = {
			isa = PBXVariantGroup;
			children = (
				84EEF8631EA855040061A312 /* Base */,
			);
			name = Preferences.storyboard;
			sourceTree = "<group>";
		};
/* End PBXVariantGroup section */

/* Begin XCBuildConfiguration section */
		8461886F1E9D707A00A56F84 /* Debug */ = {
			isa = XCBuildConfiguration;
			buildSettings = {
				ALWAYS_SEARCH_USER_PATHS = NO;
				CLANG_ANALYZER_NONNULL = YES;
				CLANG_CXX_LANGUAGE_STANDARD = "gnu++0x";
				CLANG_CXX_LIBRARY = "libc++";
				CLANG_ENABLE_MODULES = YES;
				CLANG_ENABLE_OBJC_ARC = YES;
				CLANG_WARN_BOOL_CONVERSION = YES;
				CLANG_WARN_CONSTANT_CONVERSION = YES;
				CLANG_WARN_DIRECT_OBJC_ISA_USAGE = YES_ERROR;
				CLANG_WARN_DOCUMENTATION_COMMENTS = YES;
				CLANG_WARN_EMPTY_BODY = YES;
				CLANG_WARN_ENUM_CONVERSION = YES;
				CLANG_WARN_INFINITE_RECURSION = YES;
				CLANG_WARN_INT_CONVERSION = YES;
				CLANG_WARN_OBJC_ROOT_CLASS = YES_ERROR;
				CLANG_WARN_SUSPICIOUS_MOVE = YES;
				CLANG_WARN_UNREACHABLE_CODE = YES;
				CLANG_WARN__DUPLICATE_METHOD_MATCH = YES;
				CODE_SIGN_IDENTITY = "-";
				COPY_PHASE_STRIP = NO;
				DEBUG_INFORMATION_FORMAT = dwarf;
				ENABLE_STRICT_OBJC_MSGSEND = YES;
				ENABLE_TESTABILITY = YES;
				GCC_C_LANGUAGE_STANDARD = gnu99;
				GCC_DYNAMIC_NO_PIC = NO;
				GCC_NO_COMMON_BLOCKS = YES;
				GCC_OPTIMIZATION_LEVEL = 0;
				GCC_PREPROCESSOR_DEFINITIONS = (
					"DEBUG=1",
					"$(inherited)",
				);
				GCC_WARN_64_TO_32_BIT_CONVERSION = YES;
				GCC_WARN_ABOUT_RETURN_TYPE = YES_ERROR;
				GCC_WARN_FOUR_CHARACTER_CONSTANTS = YES;
				GCC_WARN_UNDECLARED_SELECTOR = YES;
				GCC_WARN_UNINITIALIZED_AUTOS = YES_AGGRESSIVE;
				GCC_WARN_UNUSED_FUNCTION = YES;
				GCC_WARN_UNUSED_VARIABLE = YES;
				MACOSX_DEPLOYMENT_TARGET = 10.14;
				MTL_ENABLE_DEBUG_INFO = YES;
				ONLY_ACTIVE_ARCH = YES;
				SDKROOT = macosx;
				SWIFT_ACTIVE_COMPILATION_CONDITIONS = DEBUG;
				SWIFT_OPTIMIZATION_LEVEL = "-Onone";
				SWIFT_SWIFT3_OBJC_INFERENCE = Off;
				SWIFT_VERSION = 4.2;
			};
			name = Debug;
		};
		846188701E9D707A00A56F84 /* Release */ = {
			isa = XCBuildConfiguration;
			buildSettings = {
				ALWAYS_SEARCH_USER_PATHS = NO;
				CLANG_ANALYZER_NONNULL = YES;
				CLANG_CXX_LANGUAGE_STANDARD = "gnu++0x";
				CLANG_CXX_LIBRARY = "libc++";
				CLANG_ENABLE_MODULES = YES;
				CLANG_ENABLE_OBJC_ARC = YES;
				CLANG_WARN_BOOL_CONVERSION = YES;
				CLANG_WARN_CONSTANT_CONVERSION = YES;
				CLANG_WARN_DIRECT_OBJC_ISA_USAGE = YES_ERROR;
				CLANG_WARN_DOCUMENTATION_COMMENTS = YES;
				CLANG_WARN_EMPTY_BODY = YES;
				CLANG_WARN_ENUM_CONVERSION = YES;
				CLANG_WARN_INFINITE_RECURSION = YES;
				CLANG_WARN_INT_CONVERSION = YES;
				CLANG_WARN_OBJC_ROOT_CLASS = YES_ERROR;
				CLANG_WARN_SUSPICIOUS_MOVE = YES;
				CLANG_WARN_UNREACHABLE_CODE = YES;
				CLANG_WARN__DUPLICATE_METHOD_MATCH = YES;
				CODE_SIGN_IDENTITY = "-";
				COPY_PHASE_STRIP = NO;
				DEBUG_INFORMATION_FORMAT = "dwarf-with-dsym";
				ENABLE_NS_ASSERTIONS = NO;
				ENABLE_STRICT_OBJC_MSGSEND = YES;
				GCC_C_LANGUAGE_STANDARD = gnu99;
				GCC_NO_COMMON_BLOCKS = YES;
				GCC_WARN_64_TO_32_BIT_CONVERSION = YES;
				GCC_WARN_ABOUT_RETURN_TYPE = YES_ERROR;
				GCC_WARN_FOUR_CHARACTER_CONSTANTS = YES;
				GCC_WARN_UNDECLARED_SELECTOR = YES;
				GCC_WARN_UNINITIALIZED_AUTOS = YES_AGGRESSIVE;
				GCC_WARN_UNUSED_FUNCTION = YES;
				GCC_WARN_UNUSED_VARIABLE = YES;
				MACOSX_DEPLOYMENT_TARGET = 10.14;
				MTL_ENABLE_DEBUG_INFO = NO;
				SDKROOT = macosx;
				SWIFT_OPTIMIZATION_LEVEL = "-Owholemodule";
				SWIFT_SWIFT3_OBJC_INFERENCE = Off;
				SWIFT_VERSION = 4.2;
			};
			name = Release;
		};
		846188721E9D707A00A56F84 /* Debug */ = {
			isa = XCBuildConfiguration;
			buildSettings = {
				ALWAYS_EMBED_SWIFT_STANDARD_LIBRARIES = YES;
				ASSETCATALOG_COMPILER_APPICON_NAME = AppIcon;
				COMBINE_HIDPI_IMAGES = YES;
				DEVELOPMENT_TEAM = 9C84TZ7Q6Z;
				INFOPLIST_FILE = Frontier/Info.plist;
				LD_RUNPATH_SEARCH_PATHS = "$(inherited) @executable_path/../Frameworks";
				PRODUCT_BUNDLE_IDENTIFIER = com.ranchero.Frontier;
				PRODUCT_NAME = "$(TARGET_NAME)";
			};
			name = Debug;
		};
		846188731E9D707A00A56F84 /* Release */ = {
			isa = XCBuildConfiguration;
			buildSettings = {
				ALWAYS_EMBED_SWIFT_STANDARD_LIBRARIES = YES;
				ASSETCATALOG_COMPILER_APPICON_NAME = AppIcon;
				COMBINE_HIDPI_IMAGES = YES;
				DEVELOPMENT_TEAM = 9C84TZ7Q6Z;
				INFOPLIST_FILE = Frontier/Info.plist;
				LD_RUNPATH_SEARCH_PATHS = "$(inherited) @executable_path/../Frameworks";
				PRODUCT_BUNDLE_IDENTIFIER = com.ranchero.Frontier;
				PRODUCT_NAME = "$(TARGET_NAME)";
			};
			name = Release;
		};
		846188751E9D707A00A56F84 /* Debug */ = {
			isa = XCBuildConfiguration;
			buildSettings = {
				ALWAYS_EMBED_SWIFT_STANDARD_LIBRARIES = YES;
				BUNDLE_LOADER = "$(TEST_HOST)";
				COMBINE_HIDPI_IMAGES = YES;
				DEVELOPMENT_TEAM = 9C84TZ7Q6Z;
				INFOPLIST_FILE = FrontierTests/Info.plist;
				LD_RUNPATH_SEARCH_PATHS = "$(inherited) @executable_path/../Frameworks @loader_path/../Frameworks";
				PRODUCT_BUNDLE_IDENTIFIER = com.ranchero.FrontierTests;
				PRODUCT_NAME = "$(TARGET_NAME)";
				TEST_HOST = "$(BUILT_PRODUCTS_DIR)/Frontier.app/Contents/MacOS/Frontier";
			};
			name = Debug;
		};
		846188761E9D707A00A56F84 /* Release */ = {
			isa = XCBuildConfiguration;
			buildSettings = {
				ALWAYS_EMBED_SWIFT_STANDARD_LIBRARIES = YES;
				BUNDLE_LOADER = "$(TEST_HOST)";
				COMBINE_HIDPI_IMAGES = YES;
				DEVELOPMENT_TEAM = 9C84TZ7Q6Z;
				INFOPLIST_FILE = FrontierTests/Info.plist;
				LD_RUNPATH_SEARCH_PATHS = "$(inherited) @executable_path/../Frameworks @loader_path/../Frameworks";
				PRODUCT_BUNDLE_IDENTIFIER = com.ranchero.FrontierTests;
				PRODUCT_NAME = "$(TARGET_NAME)";
				TEST_HOST = "$(BUILT_PRODUCTS_DIR)/Frontier.app/Contents/MacOS/Frontier";
			};
			name = Release;
		};
/* End XCBuildConfiguration section */

/* Begin XCConfigurationList section */
		846188521E9D707A00A56F84 /* Build configuration list for PBXProject "Frontier" */ = {
			isa = XCConfigurationList;
			buildConfigurations = (
				8461886F1E9D707A00A56F84 /* Debug */,
				846188701E9D707A00A56F84 /* Release */,
			);
			defaultConfigurationIsVisible = 0;
			defaultConfigurationName = Release;
		};
		846188711E9D707A00A56F84 /* Build configuration list for PBXNativeTarget "Frontier" */ = {
			isa = XCConfigurationList;
			buildConfigurations = (
				846188721E9D707A00A56F84 /* Debug */,
				846188731E9D707A00A56F84 /* Release */,
			);
			defaultConfigurationIsVisible = 0;
			defaultConfigurationName = Release;
		};
		846188741E9D707A00A56F84 /* Build configuration list for PBXNativeTarget "FrontierTests" */ = {
			isa = XCConfigurationList;
			buildConfigurations = (
				846188751E9D707A00A56F84 /* Debug */,
				846188761E9D707A00A56F84 /* Release */,
			);
			defaultConfigurationIsVisible = 0;
			defaultConfigurationName = Release;
		};
/* End XCConfigurationList section */
	};
	rootObject = 8461884F1E9D707A00A56F84 /* Project object */;
}
