// !$*UTF8*$!
{
	archiveVersion = 1;
	classes = {
	};
	objectVersion = 46;
	objects = {

/* Begin PBXBuildFile section */
		844CB75A1EB65AC700ED569C /* Constants.swift in Sources */ = {isa = PBXBuildFile; fileRef = 844CB7581EB65AC700ED569C /* Constants.swift */; };
		844CB75B1EB65AC700ED569C /* Keywords.swift in Sources */ = {isa = PBXBuildFile; fileRef = 844CB7591EB65AC700ED569C /* Keywords.swift */; };
		844CB75D1EB65AE000ED569C /* Builtins.swift in Sources */ = {isa = PBXBuildFile; fileRef = 844CB75C1EB65AE000ED569C /* Builtins.swift */; };
		844CB75F1EB65E4800ED569C /* Environment.swift in Sources */ = {isa = PBXBuildFile; fileRef = 844CB75E1EB65E4800ED569C /* Environment.swift */; };
		844CB77F1EB6ACA200ED569C /* LangEvaluator.swift in Sources */ = {isa = PBXBuildFile; fileRef = 844CB77E1EB6ACA200ED569C /* LangEvaluator.swift */; };
		844CB7821EB6ACDC00ED569C /* Tokenizer.swift in Sources */ = {isa = PBXBuildFile; fileRef = 844CB7811EB6ACDC00ED569C /* Tokenizer.swift */; };
		844CB7981EB6C01A00ED569C /* UserTalk.h in Headers */ = {isa = PBXBuildFile; fileRef = 849023EA1E9EC3C5002D1BA7 /* UserTalk.h */; settings = {ATTRIBUTES = (Public, ); }; };
		844CB79E1EB6C33600ED569C /* FrontierCore.framework in Frameworks */ = {isa = PBXBuildFile; fileRef = 844CB79D1EB6C33600ED569C /* FrontierCore.framework */; };
		849023F11E9EC3C5002D1BA7 /* UserTalk.framework in Frameworks */ = {isa = PBXBuildFile; fileRef = 849023E71E9EC3C5002D1BA7 /* UserTalk.framework */; };
		849023F61E9EC3C5002D1BA7 /* UserTalkTests.swift in Sources */ = {isa = PBXBuildFile; fileRef = 849023F51E9EC3C5002D1BA7 /* UserTalkTests.swift */; };
		84AA25EB1EBE8E86003A28CF /* Evaluator.swift in Sources */ = {isa = PBXBuildFile; fileRef = 84AA25EA1EBE8E86003A28CF /* Evaluator.swift */; };
		84AA25FA1EBE945A003A28CF /* BlockNode.swift in Sources */ = {isa = PBXBuildFile; fileRef = 84AA25EF1EBE945A003A28CF /* BlockNode.swift */; };
		84AA25FB1EBE945A003A28CF /* BooleanNode.swift in Sources */ = {isa = PBXBuildFile; fileRef = 84AA25F01EBE945A003A28CF /* BooleanNode.swift */; };
		84AA25FC1EBE945A003A28CF /* CodeTreeNode.swift in Sources */ = {isa = PBXBuildFile; fileRef = 84AA25F11EBE945A003A28CF /* CodeTreeNode.swift */; };
		84AA25FD1EBE945A003A28CF /* CodeTreeOperation.swift in Sources */ = {isa = PBXBuildFile; fileRef = 84AA25F21EBE945A003A28CF /* CodeTreeOperation.swift */; };
		84AA25FE1EBE945A003A28CF /* ComparisonNode.swift in Sources */ = {isa = PBXBuildFile; fileRef = 84AA25F31EBE945A003A28CF /* ComparisonNode.swift */; };
		84AA25FF1EBE945A003A28CF /* FunctionCallNode.swift in Sources */ = {isa = PBXBuildFile; fileRef = 84AA25F41EBE945A003A28CF /* FunctionCallNode.swift */; };
		84AA26001EBE945A003A28CF /* FunctionNode.swift in Sources */ = {isa = PBXBuildFile; fileRef = 84AA25F51EBE945A003A28CF /* FunctionNode.swift */; };
		84AA26011EBE945A003A28CF /* ParamHeaderNode.swift in Sources */ = {isa = PBXBuildFile; fileRef = 84AA25F61EBE945A003A28CF /* ParamHeaderNode.swift */; };
		84AA26021EBE945A003A28CF /* ParamNode.swift in Sources */ = {isa = PBXBuildFile; fileRef = 84AA25F71EBE945A003A28CF /* ParamNode.swift */; };
		84AA26031EBE945A003A28CF /* ScriptNode.swift in Sources */ = {isa = PBXBuildFile; fileRef = 84AA25F81EBE945A003A28CF /* ScriptNode.swift */; };
		84AA26041EBE945A003A28CF /* SimpleOperationNode.swift in Sources */ = {isa = PBXBuildFile; fileRef = 84AA25F91EBE945A003A28CF /* SimpleOperationNode.swift */; };
		84AA26061EBE946E003A28CF /* UnaryOperationNode.swift in Sources */ = {isa = PBXBuildFile; fileRef = 84AA26051EBE946E003A28CF /* UnaryOperationNode.swift */; };
		84AA26081EBE947C003A28CF /* ValueNode.swift in Sources */ = {isa = PBXBuildFile; fileRef = 84AA26071EBE947C003A28CF /* ValueNode.swift */; };
		84AA260B1EBE94A0003A28CF /* Stack.swift in Sources */ = {isa = PBXBuildFile; fileRef = 84AA26091EBE94A0003A28CF /* Stack.swift */; };
		84AA260C1EBE94A0003A28CF /* StackFrame.swift in Sources */ = {isa = PBXBuildFile; fileRef = 84AA260A1EBE94A0003A28CF /* StackFrame.swift */; };
		84AA260E1EBE9E4A003A28CF /* IfListNode.swift in Sources */ = {isa = PBXBuildFile; fileRef = 84AA260D1EBE9E4A003A28CF /* IfListNode.swift */; };
		84AA26101EBEA02F003A28CF /* IfElseNode.swift in Sources */ = {isa = PBXBuildFile; fileRef = 84AA260F1EBEA02F003A28CF /* IfElseNode.swift */; };
		84AA26121EBF8AC3003A28CF /* BundleNode.swift in Sources */ = {isa = PBXBuildFile; fileRef = 84AA26111EBF8AC3003A28CF /* BundleNode.swift */; };
		84AA26141EBF9267003A28CF /* WithNode.swift in Sources */ = {isa = PBXBuildFile; fileRef = 84AA26131EBF9267003A28CF /* WithNode.swift */; };
		84AA26161EBF95F6003A28CF /* CaseNode.swift in Sources */ = {isa = PBXBuildFile; fileRef = 84AA26151EBF95F6003A28CF /* CaseNode.swift */; };
		84AA26181EBF9915003A28CF /* CaseConditionNode.swift in Sources */ = {isa = PBXBuildFile; fileRef = 84AA26171EBF9915003A28CF /* CaseConditionNode.swift */; };
		84AA261A1EBF9E10003A28CF /* ReturnNode.swift in Sources */ = {isa = PBXBuildFile; fileRef = 84AA26191EBF9E10003A28CF /* ReturnNode.swift */; };
		84AA261C1EBFA099003A28CF /* TryNode.swift in Sources */ = {isa = PBXBuildFile; fileRef = 84AA261B1EBFA099003A28CF /* TryNode.swift */; };
		84AA261E1EBFB175003A28CF /* ForLoopNode.swift in Sources */ = {isa = PBXBuildFile; fileRef = 84AA261D1EBFB174003A28CF /* ForLoopNode.swift */; };
		84AA26201EBFC5BA003A28CF /* RangeNode.swift in Sources */ = {isa = PBXBuildFile; fileRef = 84AA261F1EBFC5BA003A28CF /* RangeNode.swift */; };
		84AA26221EC0184E003A28CF /* LoopNode.swift in Sources */ = {isa = PBXBuildFile; fileRef = 84AA26211EC0184E003A28CF /* LoopNode.swift */; };
		84B168CE1EB9816D00E5A4F8 /* Parser.swift in Sources */ = {isa = PBXBuildFile; fileRef = 84B168CD1EB9816D00E5A4F8 /* Parser.swift */; };
		84F908AD1EADAC4400001B96 /* FrontierData.framework in Frameworks */ = {isa = PBXBuildFile; fileRef = 84F908AC1EADAC4400001B96 /* FrontierData.framework */; };
/* End PBXBuildFile section */

/* Begin PBXContainerItemProxy section */
		849023F21E9EC3C5002D1BA7 /* PBXContainerItemProxy */ = {
			isa = PBXContainerItemProxy;
			containerPortal = 849023DE1E9EC3C5002D1BA7 /* Project object */;
			proxyType = 1;
			remoteGlobalIDString = 849023E61E9EC3C5002D1BA7;
			remoteInfo = UserTalk;
		};
/* End PBXContainerItemProxy section */

/* Begin PBXFileReference section */
		844CB7581EB65AC700ED569C /* Constants.swift */ = {isa = PBXFileReference; fileEncoding = 4; lastKnownFileType = sourcecode.swift; name = Constants.swift; path = UserTalk/Tables/Constants.swift; sourceTree = "<group>"; };
		844CB7591EB65AC700ED569C /* Keywords.swift */ = {isa = PBXFileReference; fileEncoding = 4; lastKnownFileType = sourcecode.swift; name = Keywords.swift; path = UserTalk/Tables/Keywords.swift; sourceTree = "<group>"; };
		844CB75C1EB65AE000ED569C /* Builtins.swift */ = {isa = PBXFileReference; fileEncoding = 4; lastKnownFileType = sourcecode.swift; name = Builtins.swift; path = UserTalk/Tables/Builtins.swift; sourceTree = "<group>"; };
		844CB75E1EB65E4800ED569C /* Environment.swift */ = {isa = PBXFileReference; fileEncoding = 4; lastKnownFileType = sourcecode.swift; name = Environment.swift; path = UserTalk/Tables/Environment.swift; sourceTree = "<group>"; };
		844CB77E1EB6ACA200ED569C /* LangEvaluator.swift */ = {isa = PBXFileReference; fileEncoding = 4; lastKnownFileType = sourcecode.swift; name = LangEvaluator.swift; path = UserTalk/Runtime/LangEvaluator.swift; sourceTree = "<group>"; };
		844CB7811EB6ACDC00ED569C /* Tokenizer.swift */ = {isa = PBXFileReference; fileEncoding = 4; lastKnownFileType = sourcecode.swift; name = Tokenizer.swift; path = UserTalk/Compiler/Tokenizer.swift; sourceTree = "<group>"; };
		844CB7871EB6ACF300ED569C /* langparser.ym */ = {isa = PBXFileReference; fileEncoding = 4; lastKnownFileType = sourcecode.yacc; name = langparser.ym; path = UserTalk/Compiler/langparser.ym; sourceTree = "<group>"; };
		844CB79D1EB6C33600ED569C /* FrontierCore.framework */ = {isa = PBXFileReference; lastKnownFileType = wrapper.framework; name = FrontierCore.framework; path = ../FrontierCore/build/Debug/FrontierCore.framework; sourceTree = "<group>"; };
		849023E71E9EC3C5002D1BA7 /* UserTalk.framework */ = {isa = PBXFileReference; explicitFileType = wrapper.framework; includeInIndex = 0; path = UserTalk.framework; sourceTree = BUILT_PRODUCTS_DIR; };
		849023EA1E9EC3C5002D1BA7 /* UserTalk.h */ = {isa = PBXFileReference; lastKnownFileType = sourcecode.c.h; name = UserTalk.h; path = UserTalk/UserTalk.h; sourceTree = "<group>"; };
		849023EB1E9EC3C5002D1BA7 /* Info.plist */ = {isa = PBXFileReference; lastKnownFileType = text.plist.xml; name = Info.plist; path = UserTalk/Info.plist; sourceTree = "<group>"; };
		849023F01E9EC3C5002D1BA7 /* UserTalkTests.xctest */ = {isa = PBXFileReference; explicitFileType = wrapper.cfbundle; includeInIndex = 0; path = UserTalkTests.xctest; sourceTree = BUILT_PRODUCTS_DIR; };
		849023F51E9EC3C5002D1BA7 /* UserTalkTests.swift */ = {isa = PBXFileReference; lastKnownFileType = sourcecode.swift; path = UserTalkTests.swift; sourceTree = "<group>"; };
		849023F71E9EC3C5002D1BA7 /* Info.plist */ = {isa = PBXFileReference; lastKnownFileType = text.plist.xml; path = Info.plist; sourceTree = "<group>"; };
		84AA25EA1EBE8E86003A28CF /* Evaluator.swift */ = {isa = PBXFileReference; fileEncoding = 4; lastKnownFileType = sourcecode.swift; name = Evaluator.swift; path = UserTalk/Runtime/Evaluator.swift; sourceTree = "<group>"; };
		84AA25EF1EBE945A003A28CF /* BlockNode.swift */ = {isa = PBXFileReference; fileEncoding = 4; lastKnownFileType = sourcecode.swift; name = BlockNode.swift; path = UserTalk/Node/BlockNode.swift; sourceTree = "<group>"; };
		84AA25F01EBE945A003A28CF /* BooleanNode.swift */ = {isa = PBXFileReference; fileEncoding = 4; lastKnownFileType = sourcecode.swift; name = BooleanNode.swift; path = UserTalk/Node/BooleanNode.swift; sourceTree = "<group>"; };
		84AA25F11EBE945A003A28CF /* CodeTreeNode.swift */ = {isa = PBXFileReference; fileEncoding = 4; lastKnownFileType = sourcecode.swift; name = CodeTreeNode.swift; path = UserTalk/Node/CodeTreeNode.swift; sourceTree = "<group>"; };
		84AA25F21EBE945A003A28CF /* CodeTreeOperation.swift */ = {isa = PBXFileReference; fileEncoding = 4; lastKnownFileType = sourcecode.swift; name = CodeTreeOperation.swift; path = UserTalk/Node/CodeTreeOperation.swift; sourceTree = "<group>"; };
		84AA25F31EBE945A003A28CF /* ComparisonNode.swift */ = {isa = PBXFileReference; fileEncoding = 4; lastKnownFileType = sourcecode.swift; name = ComparisonNode.swift; path = UserTalk/Node/ComparisonNode.swift; sourceTree = "<group>"; };
		84AA25F41EBE945A003A28CF /* FunctionCallNode.swift */ = {isa = PBXFileReference; fileEncoding = 4; lastKnownFileType = sourcecode.swift; name = FunctionCallNode.swift; path = UserTalk/Node/FunctionCallNode.swift; sourceTree = "<group>"; };
		84AA25F51EBE945A003A28CF /* FunctionNode.swift */ = {isa = PBXFileReference; fileEncoding = 4; lastKnownFileType = sourcecode.swift; name = FunctionNode.swift; path = UserTalk/Node/FunctionNode.swift; sourceTree = "<group>"; };
		84AA25F61EBE945A003A28CF /* ParamHeaderNode.swift */ = {isa = PBXFileReference; fileEncoding = 4; lastKnownFileType = sourcecode.swift; name = ParamHeaderNode.swift; path = UserTalk/Node/ParamHeaderNode.swift; sourceTree = "<group>"; };
		84AA25F71EBE945A003A28CF /* ParamNode.swift */ = {isa = PBXFileReference; fileEncoding = 4; lastKnownFileType = sourcecode.swift; name = ParamNode.swift; path = UserTalk/Node/ParamNode.swift; sourceTree = "<group>"; };
		84AA25F81EBE945A003A28CF /* ScriptNode.swift */ = {isa = PBXFileReference; fileEncoding = 4; lastKnownFileType = sourcecode.swift; name = ScriptNode.swift; path = UserTalk/Node/ScriptNode.swift; sourceTree = "<group>"; };
		84AA25F91EBE945A003A28CF /* SimpleOperationNode.swift */ = {isa = PBXFileReference; fileEncoding = 4; lastKnownFileType = sourcecode.swift; name = SimpleOperationNode.swift; path = UserTalk/Node/SimpleOperationNode.swift; sourceTree = "<group>"; };
		84AA26051EBE946E003A28CF /* UnaryOperationNode.swift */ = {isa = PBXFileReference; fileEncoding = 4; lastKnownFileType = sourcecode.swift; name = UnaryOperationNode.swift; path = UserTalk/Node/UnaryOperationNode.swift; sourceTree = "<group>"; };
		84AA26071EBE947C003A28CF /* ValueNode.swift */ = {isa = PBXFileReference; fileEncoding = 4; lastKnownFileType = sourcecode.swift; name = ValueNode.swift; path = UserTalk/Node/ValueNode.swift; sourceTree = "<group>"; };
		84AA26091EBE94A0003A28CF /* Stack.swift */ = {isa = PBXFileReference; fileEncoding = 4; lastKnownFileType = sourcecode.swift; name = Stack.swift; path = UserTalk/Runtime/Stack.swift; sourceTree = "<group>"; };
		84AA260A1EBE94A0003A28CF /* StackFrame.swift */ = {isa = PBXFileReference; fileEncoding = 4; lastKnownFileType = sourcecode.swift; name = StackFrame.swift; path = UserTalk/Runtime/StackFrame.swift; sourceTree = "<group>"; };
		84AA260D1EBE9E4A003A28CF /* IfListNode.swift */ = {isa = PBXFileReference; fileEncoding = 4; lastKnownFileType = sourcecode.swift; name = IfListNode.swift; path = UserTalk/Node/IfListNode.swift; sourceTree = "<group>"; };
		84AA260F1EBEA02F003A28CF /* IfElseNode.swift */ = {isa = PBXFileReference; fileEncoding = 4; lastKnownFileType = sourcecode.swift; name = IfElseNode.swift; path = UserTalk/Node/IfElseNode.swift; sourceTree = "<group>"; };
		84AA26111EBF8AC3003A28CF /* BundleNode.swift */ = {isa = PBXFileReference; fileEncoding = 4; lastKnownFileType = sourcecode.swift; name = BundleNode.swift; path = UserTalk/Node/BundleNode.swift; sourceTree = "<group>"; };
		84AA26131EBF9267003A28CF /* WithNode.swift */ = {isa = PBXFileReference; fileEncoding = 4; lastKnownFileType = sourcecode.swift; name = WithNode.swift; path = UserTalk/Node/WithNode.swift; sourceTree = "<group>"; };
		84AA26151EBF95F6003A28CF /* CaseNode.swift */ = {isa = PBXFileReference; fileEncoding = 4; lastKnownFileType = sourcecode.swift; name = CaseNode.swift; path = UserTalk/Node/CaseNode.swift; sourceTree = "<group>"; };
		84AA26171EBF9915003A28CF /* CaseConditionNode.swift */ = {isa = PBXFileReference; fileEncoding = 4; lastKnownFileType = sourcecode.swift; name = CaseConditionNode.swift; path = UserTalk/Node/CaseConditionNode.swift; sourceTree = "<group>"; };
		84AA26191EBF9E10003A28CF /* ReturnNode.swift */ = {isa = PBXFileReference; fileEncoding = 4; lastKnownFileType = sourcecode.swift; name = ReturnNode.swift; path = UserTalk/Node/ReturnNode.swift; sourceTree = "<group>"; };
		84AA261B1EBFA099003A28CF /* TryNode.swift */ = {isa = PBXFileReference; fileEncoding = 4; lastKnownFileType = sourcecode.swift; name = TryNode.swift; path = UserTalk/Node/TryNode.swift; sourceTree = "<group>"; };
		84AA261D1EBFB174003A28CF /* ForLoopNode.swift */ = {isa = PBXFileReference; fileEncoding = 4; lastKnownFileType = sourcecode.swift; name = ForLoopNode.swift; path = UserTalk/Node/ForLoopNode.swift; sourceTree = "<group>"; };
		84AA261F1EBFC5BA003A28CF /* RangeNode.swift */ = {isa = PBXFileReference; fileEncoding = 4; lastKnownFileType = sourcecode.swift; name = RangeNode.swift; path = UserTalk/Node/RangeNode.swift; sourceTree = "<group>"; };
		84AA26211EC0184E003A28CF /* LoopNode.swift */ = {isa = PBXFileReference; fileEncoding = 4; lastKnownFileType = sourcecode.swift; name = LoopNode.swift; path = UserTalk/Node/LoopNode.swift; sourceTree = "<group>"; };
		84B168CD1EB9816D00E5A4F8 /* Parser.swift */ = {isa = PBXFileReference; fileEncoding = 4; lastKnownFileType = sourcecode.swift; name = Parser.swift; path = UserTalk/Compiler/Parser.swift; sourceTree = "<group>"; };
		84F908AC1EADAC4400001B96 /* FrontierData.framework */ = {isa = PBXFileReference; lastKnownFileType = wrapper.framework; name = FrontierData.framework; path = "../../../Library/Developer/Xcode/DerivedData/Frontier-fcajnrwwhuhnzbdirndityaaqnhy/Build/Products/Debug/FrontierData.framework"; sourceTree = "<group>"; };
/* End PBXFileReference section */

/* Begin PBXFrameworksBuildPhase section */
		849023E31E9EC3C5002D1BA7 /* Frameworks */ = {
			isa = PBXFrameworksBuildPhase;
			buildActionMask = 2147483647;
			files = (
				844CB79E1EB6C33600ED569C /* FrontierCore.framework in Frameworks */,
				84F908AD1EADAC4400001B96 /* FrontierData.framework in Frameworks */,
			);
			runOnlyForDeploymentPostprocessing = 0;
		};
		849023ED1E9EC3C5002D1BA7 /* Frameworks */ = {
			isa = PBXFrameworksBuildPhase;
			buildActionMask = 2147483647;
			files = (
				849023F11E9EC3C5002D1BA7 /* UserTalk.framework in Frameworks */,
			);
			runOnlyForDeploymentPostprocessing = 0;
		};
/* End PBXFrameworksBuildPhase section */

/* Begin PBXGroup section */
		844CB7571EB65AAA00ED569C /* Tables */ = {
			isa = PBXGroup;
			children = (
				844CB7581EB65AC700ED569C /* Constants.swift */,
				844CB7591EB65AC700ED569C /* Keywords.swift */,
				844CB75C1EB65AE000ED569C /* Builtins.swift */,
				844CB75E1EB65E4800ED569C /* Environment.swift */,
			);
			name = Tables;
			sourceTree = "<group>";
		};
		844CB77D1EB6AC8300ED569C /* Runtime */ = {
			isa = PBXGroup;
			children = (
				84AA25EA1EBE8E86003A28CF /* Evaluator.swift */,
				844CB77E1EB6ACA200ED569C /* LangEvaluator.swift */,
				84AA26091EBE94A0003A28CF /* Stack.swift */,
				84AA260A1EBE94A0003A28CF /* StackFrame.swift */,
			);
			name = Runtime;
			sourceTree = "<group>";
		};
		847CDC1C1EB4F24C004E0849 /* Compiler */ = {
			isa = PBXGroup;
			children = (
				844CB7811EB6ACDC00ED569C /* Tokenizer.swift */,
				84B168CD1EB9816D00E5A4F8 /* Parser.swift */,
				844CB7871EB6ACF300ED569C /* langparser.ym */,
			);
			name = Compiler;
			sourceTree = "<group>";
		};
		849023DD1E9EC3C5002D1BA7 = {
			isa = PBXGroup;
			children = (
				849023EA1E9EC3C5002D1BA7 /* UserTalk.h */,
				84AA25EE1EBE9436003A28CF /* Node */,
				844CB77D1EB6AC8300ED569C /* Runtime */,
				847CDC1C1EB4F24C004E0849 /* Compiler */,
				844CB7571EB65AAA00ED569C /* Tables */,
				849023EB1E9EC3C5002D1BA7 /* Info.plist */,
				849023F41E9EC3C5002D1BA7 /* UserTalkTests */,
				849023E81E9EC3C5002D1BA7 /* Products */,
				84F908AB1EADAC4400001B96 /* Frameworks */,
			);
			sourceTree = "<group>";
		};
		849023E81E9EC3C5002D1BA7 /* Products */ = {
			isa = PBXGroup;
			children = (
				849023E71E9EC3C5002D1BA7 /* UserTalk.framework */,
				849023F01E9EC3C5002D1BA7 /* UserTalkTests.xctest */,
			);
			name = Products;
			sourceTree = "<group>";
		};
		849023F41E9EC3C5002D1BA7 /* UserTalkTests */ = {
			isa = PBXGroup;
			children = (
				849023F51E9EC3C5002D1BA7 /* UserTalkTests.swift */,
				849023F71E9EC3C5002D1BA7 /* Info.plist */,
			);
			path = UserTalkTests;
			sourceTree = "<group>";
		};
		84AA25EE1EBE9436003A28CF /* Node */ = {
			isa = PBXGroup;
			children = (
				84AA25F11EBE945A003A28CF /* CodeTreeNode.swift */,
				84AA25F21EBE945A003A28CF /* CodeTreeOperation.swift */,
				84AA25EF1EBE945A003A28CF /* BlockNode.swift */,
				84AA25F01EBE945A003A28CF /* BooleanNode.swift */,
				84AA26111EBF8AC3003A28CF /* BundleNode.swift */,
				84AA26151EBF95F6003A28CF /* CaseNode.swift */,
				84AA26171EBF9915003A28CF /* CaseConditionNode.swift */,
				84AA25F31EBE945A003A28CF /* ComparisonNode.swift */,
				84AA260D1EBE9E4A003A28CF /* IfListNode.swift */,
				84AA260F1EBEA02F003A28CF /* IfElseNode.swift */,
				84AA261D1EBFB174003A28CF /* ForLoopNode.swift */,
				84AA25F41EBE945A003A28CF /* FunctionCallNode.swift */,
				84AA25F71EBE945A003A28CF /* ParamNode.swift */,
				84AA25F51EBE945A003A28CF /* FunctionNode.swift */,
				84AA26211EC0184E003A28CF /* LoopNode.swift */,
				84AA25F61EBE945A003A28CF /* ParamHeaderNode.swift */,
				84AA261F1EBFC5BA003A28CF /* RangeNode.swift */,
				84AA26191EBF9E10003A28CF /* ReturnNode.swift */,
				84AA25F81EBE945A003A28CF /* ScriptNode.swift */,
				84AA25F91EBE945A003A28CF /* SimpleOperationNode.swift */,
				84AA261B1EBFA099003A28CF /* TryNode.swift */,
				84AA26051EBE946E003A28CF /* UnaryOperationNode.swift */,
				84AA26071EBE947C003A28CF /* ValueNode.swift */,
				84AA26131EBF9267003A28CF /* WithNode.swift */,
			);
			name = Node;
			sourceTree = "<group>";
		};
		84F908AB1EADAC4400001B96 /* Frameworks */ = {
			isa = PBXGroup;
			children = (
				844CB79D1EB6C33600ED569C /* FrontierCore.framework */,
				84F908AC1EADAC4400001B96 /* FrontierData.framework */,
			);
			name = Frameworks;
			sourceTree = "<group>";
		};
/* End PBXGroup section */

/* Begin PBXHeadersBuildPhase section */
		849023E41E9EC3C5002D1BA7 /* Headers */ = {
			isa = PBXHeadersBuildPhase;
			buildActionMask = 2147483647;
			files = (
				844CB7981EB6C01A00ED569C /* UserTalk.h in Headers */,
			);
			runOnlyForDeploymentPostprocessing = 0;
		};
/* End PBXHeadersBuildPhase section */

/* Begin PBXNativeTarget section */
		849023E61E9EC3C5002D1BA7 /* UserTalk */ = {
			isa = PBXNativeTarget;
			buildConfigurationList = 849023FB1E9EC3C5002D1BA7 /* Build configuration list for PBXNativeTarget "UserTalk" */;
			buildPhases = (
				849023E21E9EC3C5002D1BA7 /* Sources */,
				849023E31E9EC3C5002D1BA7 /* Frameworks */,
				849023E41E9EC3C5002D1BA7 /* Headers */,
				849023E51E9EC3C5002D1BA7 /* Resources */,
			);
			buildRules = (
			);
			dependencies = (
			);
			name = UserTalk;
			productName = UserTalk;
			productReference = 849023E71E9EC3C5002D1BA7 /* UserTalk.framework */;
			productType = "com.apple.product-type.framework";
		};
		849023EF1E9EC3C5002D1BA7 /* UserTalkTests */ = {
			isa = PBXNativeTarget;
			buildConfigurationList = 849023FE1E9EC3C5002D1BA7 /* Build configuration list for PBXNativeTarget "UserTalkTests" */;
			buildPhases = (
				849023EC1E9EC3C5002D1BA7 /* Sources */,
				849023ED1E9EC3C5002D1BA7 /* Frameworks */,
				849023EE1E9EC3C5002D1BA7 /* Resources */,
			);
			buildRules = (
			);
			dependencies = (
				849023F31E9EC3C5002D1BA7 /* PBXTargetDependency */,
			);
			name = UserTalkTests;
			productName = UserTalkTests;
			productReference = 849023F01E9EC3C5002D1BA7 /* UserTalkTests.xctest */;
			productType = "com.apple.product-type.bundle.unit-test";
		};
/* End PBXNativeTarget section */

/* Begin PBXProject section */
		849023DE1E9EC3C5002D1BA7 /* Project object */ = {
			isa = PBXProject;
			attributes = {
				LastSwiftUpdateCheck = 0820;
				LastUpgradeCheck = 0820;
				ORGANIZATIONNAME = "Ranchero Software";
				TargetAttributes = {
					849023E61E9EC3C5002D1BA7 = {
						CreatedOnToolsVersion = 8.2.1;
						DevelopmentTeam = 9C84TZ7Q6Z;
						LastSwiftMigration = 0830;
						ProvisioningStyle = Automatic;
					};
					849023EF1E9EC3C5002D1BA7 = {
						CreatedOnToolsVersion = 8.2.1;
						DevelopmentTeam = 9C84TZ7Q6Z;
						ProvisioningStyle = Automatic;
					};
				};
			};
			buildConfigurationList = 849023E11E9EC3C5002D1BA7 /* Build configuration list for PBXProject "UserTalk" */;
			compatibilityVersion = "Xcode 3.2";
			developmentRegion = English;
			hasScannedForEncodings = 0;
			knownRegions = (
				en,
			);
			mainGroup = 849023DD1E9EC3C5002D1BA7;
			productRefGroup = 849023E81E9EC3C5002D1BA7 /* Products */;
			projectDirPath = "";
			projectRoot = "";
			targets = (
				849023E61E9EC3C5002D1BA7 /* UserTalk */,
				849023EF1E9EC3C5002D1BA7 /* UserTalkTests */,
			);
		};
/* End PBXProject section */

/* Begin PBXResourcesBuildPhase section */
		849023E51E9EC3C5002D1BA7 /* Resources */ = {
			isa = PBXResourcesBuildPhase;
			buildActionMask = 2147483647;
			files = (
			);
			runOnlyForDeploymentPostprocessing = 0;
		};
		849023EE1E9EC3C5002D1BA7 /* Resources */ = {
			isa = PBXResourcesBuildPhase;
			buildActionMask = 2147483647;
			files = (
			);
			runOnlyForDeploymentPostprocessing = 0;
		};
/* End PBXResourcesBuildPhase section */

/* Begin PBXSourcesBuildPhase section */
		849023E21E9EC3C5002D1BA7 /* Sources */ = {
			isa = PBXSourcesBuildPhase;
			buildActionMask = 2147483647;
			files = (
				84AA25FE1EBE945A003A28CF /* ComparisonNode.swift in Sources */,
				84AA26201EBFC5BA003A28CF /* RangeNode.swift in Sources */,
				84AA26021EBE945A003A28CF /* ParamNode.swift in Sources */,
				844CB77F1EB6ACA200ED569C /* LangEvaluator.swift in Sources */,
				84AA261E1EBFB175003A28CF /* ForLoopNode.swift in Sources */,
				84AA25FA1EBE945A003A28CF /* BlockNode.swift in Sources */,
				84AA260B1EBE94A0003A28CF /* Stack.swift in Sources */,
				84AA26001EBE945A003A28CF /* FunctionNode.swift in Sources */,
				844CB75D1EB65AE000ED569C /* Builtins.swift in Sources */,
				844CB75F1EB65E4800ED569C /* Environment.swift in Sources */,
				84AA26141EBF9267003A28CF /* WithNode.swift in Sources */,
				84AA25EB1EBE8E86003A28CF /* Evaluator.swift in Sources */,
				84B168CE1EB9816D00E5A4F8 /* Parser.swift in Sources */,
				84AA261C1EBFA099003A28CF /* TryNode.swift in Sources */,
				844CB7821EB6ACDC00ED569C /* Tokenizer.swift in Sources */,
				84AA26031EBE945A003A28CF /* ScriptNode.swift in Sources */,
				84AA25FB1EBE945A003A28CF /* BooleanNode.swift in Sources */,
				84AA25FD1EBE945A003A28CF /* CodeTreeOperation.swift in Sources */,
				84AA26061EBE946E003A28CF /* UnaryOperationNode.swift in Sources */,
				84AA26221EC0184E003A28CF /* LoopNode.swift in Sources */,
				844CB75B1EB65AC700ED569C /* Keywords.swift in Sources */,
				84AA26081EBE947C003A28CF /* ValueNode.swift in Sources */,
				84AA260C1EBE94A0003A28CF /* StackFrame.swift in Sources */,
				844CB75A1EB65AC700ED569C /* Constants.swift in Sources */,
				84AA26041EBE945A003A28CF /* SimpleOperationNode.swift in Sources */,
				84AA260E1EBE9E4A003A28CF /* IfListNode.swift in Sources */,
				84AA26181EBF9915003A28CF /* CaseConditionNode.swift in Sources */,
				84AA26121EBF8AC3003A28CF /* BundleNode.swift in Sources */,
				84AA26011EBE945A003A28CF /* ParamHeaderNode.swift in Sources */,
				84AA25FC1EBE945A003A28CF /* CodeTreeNode.swift in Sources */,
				84AA26101EBEA02F003A28CF /* IfElseNode.swift in Sources */,
				84AA25FF1EBE945A003A28CF /* FunctionCallNode.swift in Sources */,
				84AA26161EBF95F6003A28CF /* CaseNode.swift in Sources */,
				84AA261A1EBF9E10003A28CF /* ReturnNode.swift in Sources */,
			);
			runOnlyForDeploymentPostprocessing = 0;
		};
		849023EC1E9EC3C5002D1BA7 /* Sources */ = {
			isa = PBXSourcesBuildPhase;
			buildActionMask = 2147483647;
			files = (
				849023F61E9EC3C5002D1BA7 /* UserTalkTests.swift in Sources */,
			);
			runOnlyForDeploymentPostprocessing = 0;
		};
/* End PBXSourcesBuildPhase section */

/* Begin PBXTargetDependency section */
		849023F31E9EC3C5002D1BA7 /* PBXTargetDependency */ = {
			isa = PBXTargetDependency;
			target = 849023E61E9EC3C5002D1BA7 /* UserTalk */;
			targetProxy = 849023F21E9EC3C5002D1BA7 /* PBXContainerItemProxy */;
		};
/* End PBXTargetDependency section */

/* Begin XCBuildConfiguration section */
		849023F91E9EC3C5002D1BA7 /* Debug */ = {
			isa = XCBuildConfiguration;
			buildSettings = {
				ALWAYS_SEARCH_USER_PATHS = NO;
				CLANG_ANALYZER_NONNULL = YES;
				CLANG_CXX_LANGUAGE_STANDARD = "gnu++0x";
				CLANG_CXX_LIBRARY = "libc++";
				CLANG_ENABLE_MODULES = YES;
				CLANG_ENABLE_OBJC_ARC = YES;
				CLANG_WARN_BOOL_CONVERSION = YES;
				CLANG_WARN_CONSTANT_CONVERSION = YES;
				CLANG_WARN_DIRECT_OBJC_ISA_USAGE = YES_ERROR;
				CLANG_WARN_DOCUMENTATION_COMMENTS = YES;
				CLANG_WARN_EMPTY_BODY = YES;
				CLANG_WARN_ENUM_CONVERSION = YES;
				CLANG_WARN_INFINITE_RECURSION = YES;
				CLANG_WARN_INT_CONVERSION = YES;
				CLANG_WARN_OBJC_ROOT_CLASS = YES_ERROR;
				CLANG_WARN_SUSPICIOUS_MOVE = YES;
				CLANG_WARN_UNREACHABLE_CODE = YES;
				CLANG_WARN__DUPLICATE_METHOD_MATCH = YES;
				CODE_SIGN_IDENTITY = "-";
				COPY_PHASE_STRIP = NO;
				CURRENT_PROJECT_VERSION = 1;
				DEBUG_INFORMATION_FORMAT = dwarf;
				ENABLE_STRICT_OBJC_MSGSEND = YES;
				ENABLE_TESTABILITY = YES;
				GCC_C_LANGUAGE_STANDARD = gnu99;
				GCC_DYNAMIC_NO_PIC = NO;
				GCC_NO_COMMON_BLOCKS = YES;
				GCC_OPTIMIZATION_LEVEL = 0;
				GCC_PREPROCESSOR_DEFINITIONS = (
					"DEBUG=1",
					"$(inherited)",
				);
				GCC_WARN_64_TO_32_BIT_CONVERSION = YES;
				GCC_WARN_ABOUT_RETURN_TYPE = YES_ERROR;
				GCC_WARN_UNDECLARED_SELECTOR = YES;
				GCC_WARN_UNINITIALIZED_AUTOS = YES_AGGRESSIVE;
				GCC_WARN_UNUSED_FUNCTION = YES;
				GCC_WARN_UNUSED_VARIABLE = YES;
				MACOSX_DEPLOYMENT_TARGET = 10.12;
				MTL_ENABLE_DEBUG_INFO = YES;
				ONLY_ACTIVE_ARCH = YES;
				SDKROOT = macosx;
				SWIFT_ACTIVE_COMPILATION_CONDITIONS = DEBUG;
				SWIFT_OPTIMIZATION_LEVEL = "-Onone";
				SWIFT_SWIFT3_OBJC_INFERENCE = Off;
				SWIFT_VERSION = 4.0;
				VERSIONING_SYSTEM = "apple-generic";
				VERSION_INFO_PREFIX = "";
			};
			name = Debug;
		};
		849023FA1E9EC3C5002D1BA7 /* Release */ = {
			isa = XCBuildConfiguration;
			buildSettings = {
				ALWAYS_SEARCH_USER_PATHS = NO;
				CLANG_ANALYZER_NONNULL = YES;
				CLANG_CXX_LANGUAGE_STANDARD = "gnu++0x";
				CLANG_CXX_LIBRARY = "libc++";
				CLANG_ENABLE_MODULES = YES;
				CLANG_ENABLE_OBJC_ARC = YES;
				CLANG_WARN_BOOL_CONVERSION = YES;
				CLANG_WARN_CONSTANT_CONVERSION = YES;
				CLANG_WARN_DIRECT_OBJC_ISA_USAGE = YES_ERROR;
				CLANG_WARN_DOCUMENTATION_COMMENTS = YES;
				CLANG_WARN_EMPTY_BODY = YES;
				CLANG_WARN_ENUM_CONVERSION = YES;
				CLANG_WARN_INFINITE_RECURSION = YES;
				CLANG_WARN_INT_CONVERSION = YES;
				CLANG_WARN_OBJC_ROOT_CLASS = YES_ERROR;
				CLANG_WARN_SUSPICIOUS_MOVE = YES;
				CLANG_WARN_UNREACHABLE_CODE = YES;
				CLANG_WARN__DUPLICATE_METHOD_MATCH = YES;
				CODE_SIGN_IDENTITY = "-";
				COPY_PHASE_STRIP = NO;
				CURRENT_PROJECT_VERSION = 1;
				DEBUG_INFORMATION_FORMAT = "dwarf-with-dsym";
				ENABLE_NS_ASSERTIONS = NO;
				ENABLE_STRICT_OBJC_MSGSEND = YES;
				GCC_C_LANGUAGE_STANDARD = gnu99;
				GCC_NO_COMMON_BLOCKS = YES;
				GCC_WARN_64_TO_32_BIT_CONVERSION = YES;
				GCC_WARN_ABOUT_RETURN_TYPE = YES_ERROR;
				GCC_WARN_UNDECLARED_SELECTOR = YES;
				GCC_WARN_UNINITIALIZED_AUTOS = YES_AGGRESSIVE;
				GCC_WARN_UNUSED_FUNCTION = YES;
				GCC_WARN_UNUSED_VARIABLE = YES;
				MACOSX_DEPLOYMENT_TARGET = 10.12;
				MTL_ENABLE_DEBUG_INFO = NO;
				SDKROOT = macosx;
				SWIFT_OPTIMIZATION_LEVEL = "-Owholemodule";
				SWIFT_SWIFT3_OBJC_INFERENCE = Off;
				SWIFT_VERSION = 4.0;
				VERSIONING_SYSTEM = "apple-generic";
				VERSION_INFO_PREFIX = "";
			};
			name = Release;
		};
		849023FC1E9EC3C5002D1BA7 /* Debug */ = {
			isa = XCBuildConfiguration;
			buildSettings = {
				CLANG_ENABLE_MODULES = YES;
				CODE_SIGN_IDENTITY = "";
				COMBINE_HIDPI_IMAGES = YES;
				DEFINES_MODULE = YES;
				DEVELOPMENT_TEAM = 9C84TZ7Q6Z;
				DYLIB_COMPATIBILITY_VERSION = 1;
				DYLIB_CURRENT_VERSION = 1;
				DYLIB_INSTALL_NAME_BASE = "@rpath";
				FRAMEWORK_VERSION = A;
				INFOPLIST_FILE = UserTalk/Info.plist;
				INSTALL_PATH = "$(LOCAL_LIBRARY_DIR)/Frameworks";
				LD_RUNPATH_SEARCH_PATHS = "$(inherited) @executable_path/../Frameworks @loader_path/Frameworks";
				PRODUCT_BUNDLE_IDENTIFIER = com.ranchero.UserTalk;
				PRODUCT_NAME = "$(TARGET_NAME)";
				SKIP_INSTALL = YES;
				SWIFT_OPTIMIZATION_LEVEL = "-Onone";
			};
			name = Debug;
		};
		849023FD1E9EC3C5002D1BA7 /* Release */ = {
			isa = XCBuildConfiguration;
			buildSettings = {
				CLANG_ENABLE_MODULES = YES;
				CODE_SIGN_IDENTITY = "";
				COMBINE_HIDPI_IMAGES = YES;
				DEFINES_MODULE = YES;
				DEVELOPMENT_TEAM = 9C84TZ7Q6Z;
				DYLIB_COMPATIBILITY_VERSION = 1;
				DYLIB_CURRENT_VERSION = 1;
				DYLIB_INSTALL_NAME_BASE = "@rpath";
				FRAMEWORK_VERSION = A;
				INFOPLIST_FILE = UserTalk/Info.plist;
				INSTALL_PATH = "$(LOCAL_LIBRARY_DIR)/Frameworks";
				LD_RUNPATH_SEARCH_PATHS = "$(inherited) @executable_path/../Frameworks @loader_path/Frameworks";
				PRODUCT_BUNDLE_IDENTIFIER = com.ranchero.UserTalk;
				PRODUCT_NAME = "$(TARGET_NAME)";
				SKIP_INSTALL = YES;
			};
			name = Release;
		};
		849023FF1E9EC3C5002D1BA7 /* Debug */ = {
			isa = XCBuildConfiguration;
			buildSettings = {
				ALWAYS_EMBED_SWIFT_STANDARD_LIBRARIES = YES;
				COMBINE_HIDPI_IMAGES = YES;
				DEVELOPMENT_TEAM = 9C84TZ7Q6Z;
				INFOPLIST_FILE = UserTalkTests/Info.plist;
				LD_RUNPATH_SEARCH_PATHS = "$(inherited) @executable_path/../Frameworks @loader_path/../Frameworks";
				PRODUCT_BUNDLE_IDENTIFIER = com.ranchero.UserTalkTests;
				PRODUCT_NAME = "$(TARGET_NAME)";
				SWIFT_VERSION = 3.0;
			};
			name = Debug;
		};
		849024001E9EC3C5002D1BA7 /* Release */ = {
			isa = XCBuildConfiguration;
			buildSettings = {
				ALWAYS_EMBED_SWIFT_STANDARD_LIBRARIES = YES;
				COMBINE_HIDPI_IMAGES = YES;
				DEVELOPMENT_TEAM = 9C84TZ7Q6Z;
				INFOPLIST_FILE = UserTalkTests/Info.plist;
				LD_RUNPATH_SEARCH_PATHS = "$(inherited) @executable_path/../Frameworks @loader_path/../Frameworks";
				PRODUCT_BUNDLE_IDENTIFIER = com.ranchero.UserTalkTests;
				PRODUCT_NAME = "$(TARGET_NAME)";
				SWIFT_VERSION = 3.0;
			};
			name = Release;
		};
/* End XCBuildConfiguration section */

/* Begin XCConfigurationList section */
		849023E11E9EC3C5002D1BA7 /* Build configuration list for PBXProject "UserTalk" */ = {
			isa = XCConfigurationList;
			buildConfigurations = (
				849023F91E9EC3C5002D1BA7 /* Debug */,
				849023FA1E9EC3C5002D1BA7 /* Release */,
			);
			defaultConfigurationIsVisible = 0;
			defaultConfigurationName = Release;
		};
		849023FB1E9EC3C5002D1BA7 /* Build configuration list for PBXNativeTarget "UserTalk" */ = {
			isa = XCConfigurationList;
			buildConfigurations = (
				849023FC1E9EC3C5002D1BA7 /* Debug */,
				849023FD1E9EC3C5002D1BA7 /* Release */,
			);
			defaultConfigurationIsVisible = 0;
			defaultConfigurationName = Release;
		};
		849023FE1E9EC3C5002D1BA7 /* Build configuration list for PBXNativeTarget "UserTalkTests" */ = {
			isa = XCConfigurationList;
			buildConfigurations = (
				849023FF1E9EC3C5002D1BA7 /* Debug */,
				849024001E9EC3C5002D1BA7 /* Release */,
			);
			defaultConfigurationIsVisible = 0;
			defaultConfigurationName = Release;
		};
/* End XCConfigurationList section */
	};
	rootObject = 849023DE1E9EC3C5002D1BA7 /* Project object */;
}
